Microsoft Visual Studio Solution File, Format Version 12.00
# Visual Studio 15
VisualStudioVersion = 15.0.27130.2027
MinimumVisualStudioVersion = 15.0.26730.03
Project("{9A19103F-16F7-4668-BE54-9A1E7A4F7556}") = "Microsoft.AspNetCore.HttpOverrides", "src\Microsoft.AspNetCore.HttpOverrides\Microsoft.AspNetCore.HttpOverrides.csproj", "{517308C3-B477-4B01-B461-CAB9C10B6928}"
EndProject
Project("{2150E333-8FDC-42A3-9474-1A3956D46DE8}") = "src", "src", "{A5076D28-FA7E-4606-9410-FEDD0D603527}"
	ProjectSection(SolutionItems) = preProject
		src\Directory.Build.props = src\Directory.Build.props
	EndProjectSection
EndProject
Project("{2150E333-8FDC-42A3-9474-1A3956D46DE8}") = "test", "test", "{8437B0F3-3894-4828-A945-A9187F37631D}"
	ProjectSection(SolutionItems) = preProject
		test\Directory.Build.props = test\Directory.Build.props
	EndProjectSection
EndProject
Project("{9A19103F-16F7-4668-BE54-9A1E7A4F7556}") = "Microsoft.AspNetCore.HttpOverrides.Tests", "test\Microsoft.AspNetCore.HttpOverrides.Tests\Microsoft.AspNetCore.HttpOverrides.Tests.csproj", "{D6341B92-3416-4F11-8DF4-CB274296175F}"
EndProject
Project("{9A19103F-16F7-4668-BE54-9A1E7A4F7556}") = "Microsoft.AspNetCore.Buffering", "src\Microsoft.AspNetCore.Buffering\Microsoft.AspNetCore.Buffering.csproj", "{2363D0DD-A3BF-437E-9B64-B33AE132D875}"
EndProject
Project("{9A19103F-16F7-4668-BE54-9A1E7A4F7556}") = "Microsoft.AspNetCore.Buffering.Tests", "test\Microsoft.AspNetCore.Buffering.Tests\Microsoft.AspNetCore.Buffering.Tests.csproj", "{F5F1D123-9C81-4A9E-8644-AA46B8E578FB}"
EndProject
Project("{2150E333-8FDC-42A3-9474-1A3956D46DE8}") = "samples", "samples", "{9587FE9F-5A17-42C4-8021-E87F59CECB98}"
EndProject
Project("{9A19103F-16F7-4668-BE54-9A1E7A4F7556}") = "ResponseBufferingSample", "samples\ResponseBufferingSample\ResponseBufferingSample.csproj", "{E5C55B80-7827-40EB-B661-32B0E0E431CA}"
EndProject
Project("{9A19103F-16F7-4668-BE54-9A1E7A4F7556}") = "HttpOverridesSample", "samples\HttpOverridesSample\HttpOverridesSample.csproj", "{7F95478D-E1D4-4A64-BA42-B041591A96EB}"
EndProject
Project("{9A19103F-16F7-4668-BE54-9A1E7A4F7556}") = "Microsoft.AspNetCore.Rewrite", "src\Microsoft.AspNetCore.Rewrite\Microsoft.AspNetCore.Rewrite.csproj", "{0E7CA1A7-1DC3-4CE6-B9C7-1688FE1410F1}"
EndProject
Project("{9A19103F-16F7-4668-BE54-9A1E7A4F7556}") = "RewriteSample", "samples\RewriteSample\RewriteSample.csproj", "{9E049645-13BC-4598-89E1-5B43D36E5D14}"
EndProject
Project("{9A19103F-16F7-4668-BE54-9A1E7A4F7556}") = "Microsoft.AspNetCore.Rewrite.Tests", "test\Microsoft.AspNetCore.Rewrite.Tests\Microsoft.AspNetCore.Rewrite.Tests.csproj", "{31794F9E-A1AA-4535-B03C-A3233737CD1A}"
EndProject
Project("{9A19103F-16F7-4668-BE54-9A1E7A4F7556}") = "Microsoft.AspNetCore.ResponseCompression", "src\Microsoft.AspNetCore.ResponseCompression\Microsoft.AspNetCore.ResponseCompression.csproj", "{45308A9D-F4C6-46A8-A24F-E73D995CC223}"
EndProject
Project("{9A19103F-16F7-4668-BE54-9A1E7A4F7556}") = "Microsoft.AspNetCore.ResponseCompression.Tests", "test\Microsoft.AspNetCore.ResponseCompression.Tests\Microsoft.AspNetCore.ResponseCompression.Tests.csproj", "{3360A5D1-70C0-49EE-9051-04A6A6B836DC}"
EndProject
Project("{9A19103F-16F7-4668-BE54-9A1E7A4F7556}") = "ResponseCompressionSample", "samples\ResponseCompressionSample\ResponseCompressionSample.csproj", "{B2A3CE38-51B2-4486-982C-98C380AF140E}"
EndProject
Project("{2150E333-8FDC-42A3-9474-1A3956D46DE8}") = "Solution Items", "Solution Items", "{59A9B64C-E9BE-409E-89A2-58D72E2918F5}"
	ProjectSection(SolutionItems) = preProject
		.appveyor.yml = .appveyor.yml
		.gitattributes = .gitattributes
		.gitignore = .gitignore
		.travis.yml = .travis.yml
		build.cmd = build.cmd
		build.ps1 = build.ps1
		build.sh = build.sh
		CONTRIBUTING.md = CONTRIBUTING.md
		Directory.Build.props = Directory.Build.props
		Directory.Build.targets = Directory.Build.targets
		LICENSE.txt = LICENSE.txt
		NuGet.config = NuGet.config
		NuGetPackageVerifier.json = NuGetPackageVerifier.json
		README.md = README.md
		version.xml = version.xml
	EndProjectSection
EndProject
Project("{9A19103F-16F7-4668-BE54-9A1E7A4F7556}") = "Microsoft.AspNetCore.HttpsPolicy", "src\Microsoft.AspNetCore.HttpsPolicy\Microsoft.AspNetCore.HttpsPolicy.csproj", "{4D39C29B-4EC8-497C-B411-922DA494D71B}"
EndProject
Project("{9A19103F-16F7-4668-BE54-9A1E7A4F7556}") = "HttpsPolicySample", "samples\HttpsPolicySample\HttpsPolicySample.csproj", "{AC424AEE-4883-49C6-945F-2FC916B8CA1C}"
EndProject
Project("{9A19103F-16F7-4668-BE54-9A1E7A4F7556}") = "Microsoft.AspNetCore.HttpsPolicy.Tests", "test\Microsoft.AspNetCore.HttpsPolicy.Tests\Microsoft.AspNetCore.HttpsPolicy.Tests.csproj", "{1C67B0F1-6E70-449E-A2F1-98B9D5C576CE}"
EndProject
Project("{9A19103F-16F7-4668-BE54-9A1E7A4F7556}") = "HostFilteringSample", "samples\HostFilteringSample\HostFilteringSample.csproj", "{368B00A2-992A-4B0E-9085-A8136A22922D}"
EndProject
Project("{2150E333-8FDC-42A3-9474-1A3956D46DE8}") = "build", "build", "{5CEA6F31-A829-4A02-8CD5-EC3DDD4CC1EA}"
	ProjectSection(SolutionItems) = preProject
		build\dependencies.props = build\dependencies.props
		build\repo.props = build\repo.props
		build\sources.props = build\sources.props
	EndProjectSection
EndProject
Project("{9A19103F-16F7-4668-BE54-9A1E7A4F7556}") = "Microsoft.AspNetCore.HostFiltering.Tests", "test\Microsoft.AspNetCore.HostFiltering.Tests\Microsoft.AspNetCore.HostFiltering.Tests.csproj", "{4BC947ED-13B8-4BE6-82A4-96A48D86980B}"
EndProject
Project("{9A19103F-16F7-4668-BE54-9A1E7A4F7556}") = "Microsoft.AspNetCore.HostFiltering", "src\Microsoft.AspNetCore.HostFiltering\Microsoft.AspNetCore.HostFiltering.csproj", "{762F7276-C916-4111-A6C0-41668ABB3823}"
EndProject
Global
	GlobalSection(SolutionConfigurationPlatforms) = preSolution
		Debug|Any CPU = Debug|Any CPU
		Release|Any CPU = Release|Any CPU
	EndGlobalSection
	GlobalSection(ProjectConfigurationPlatforms) = postSolution
		{517308C3-B477-4B01-B461-CAB9C10B6928}.Debug|Any CPU.ActiveCfg = Debug|Any CPU
		{517308C3-B477-4B01-B461-CAB9C10B6928}.Debug|Any CPU.Build.0 = Debug|Any CPU
		{517308C3-B477-4B01-B461-CAB9C10B6928}.Release|Any CPU.ActiveCfg = Release|Any CPU
		{517308C3-B477-4B01-B461-CAB9C10B6928}.Release|Any CPU.Build.0 = Release|Any CPU
		{D6341B92-3416-4F11-8DF4-CB274296175F}.Debug|Any CPU.ActiveCfg = Debug|Any CPU
		{D6341B92-3416-4F11-8DF4-CB274296175F}.Debug|Any CPU.Build.0 = Debug|Any CPU
		{D6341B92-3416-4F11-8DF4-CB274296175F}.Release|Any CPU.ActiveCfg = Release|Any CPU
		{D6341B92-3416-4F11-8DF4-CB274296175F}.Release|Any CPU.Build.0 = Release|Any CPU
		{2363D0DD-A3BF-437E-9B64-B33AE132D875}.Debug|Any CPU.ActiveCfg = Debug|Any CPU
		{2363D0DD-A3BF-437E-9B64-B33AE132D875}.Debug|Any CPU.Build.0 = Debug|Any CPU
		{2363D0DD-A3BF-437E-9B64-B33AE132D875}.Release|Any CPU.ActiveCfg = Release|Any CPU
		{2363D0DD-A3BF-437E-9B64-B33AE132D875}.Release|Any CPU.Build.0 = Release|Any CPU
		{F5F1D123-9C81-4A9E-8644-AA46B8E578FB}.Debug|Any CPU.ActiveCfg = Debug|Any CPU
		{F5F1D123-9C81-4A9E-8644-AA46B8E578FB}.Debug|Any CPU.Build.0 = Debug|Any CPU
		{F5F1D123-9C81-4A9E-8644-AA46B8E578FB}.Release|Any CPU.ActiveCfg = Release|Any CPU
		{F5F1D123-9C81-4A9E-8644-AA46B8E578FB}.Release|Any CPU.Build.0 = Release|Any CPU
		{E5C55B80-7827-40EB-B661-32B0E0E431CA}.Debug|Any CPU.ActiveCfg = Debug|Any CPU
		{E5C55B80-7827-40EB-B661-32B0E0E431CA}.Debug|Any CPU.Build.0 = Debug|Any CPU
		{E5C55B80-7827-40EB-B661-32B0E0E431CA}.Release|Any CPU.ActiveCfg = Release|Any CPU
		{E5C55B80-7827-40EB-B661-32B0E0E431CA}.Release|Any CPU.Build.0 = Release|Any CPU
		{7F95478D-E1D4-4A64-BA42-B041591A96EB}.Debug|Any CPU.ActiveCfg = Debug|Any CPU
		{7F95478D-E1D4-4A64-BA42-B041591A96EB}.Debug|Any CPU.Build.0 = Debug|Any CPU
		{7F95478D-E1D4-4A64-BA42-B041591A96EB}.Release|Any CPU.ActiveCfg = Release|Any CPU
		{7F95478D-E1D4-4A64-BA42-B041591A96EB}.Release|Any CPU.Build.0 = Release|Any CPU
		{0E7CA1A7-1DC3-4CE6-B9C7-1688FE1410F1}.Debug|Any CPU.ActiveCfg = Debug|Any CPU
		{0E7CA1A7-1DC3-4CE6-B9C7-1688FE1410F1}.Debug|Any CPU.Build.0 = Debug|Any CPU
		{0E7CA1A7-1DC3-4CE6-B9C7-1688FE1410F1}.Release|Any CPU.ActiveCfg = Release|Any CPU
		{0E7CA1A7-1DC3-4CE6-B9C7-1688FE1410F1}.Release|Any CPU.Build.0 = Release|Any CPU
		{9E049645-13BC-4598-89E1-5B43D36E5D14}.Debug|Any CPU.ActiveCfg = Debug|Any CPU
		{9E049645-13BC-4598-89E1-5B43D36E5D14}.Debug|Any CPU.Build.0 = Debug|Any CPU
		{9E049645-13BC-4598-89E1-5B43D36E5D14}.Release|Any CPU.ActiveCfg = Release|Any CPU
		{9E049645-13BC-4598-89E1-5B43D36E5D14}.Release|Any CPU.Build.0 = Release|Any CPU
		{31794F9E-A1AA-4535-B03C-A3233737CD1A}.Debug|Any CPU.ActiveCfg = Debug|Any CPU
		{31794F9E-A1AA-4535-B03C-A3233737CD1A}.Debug|Any CPU.Build.0 = Debug|Any CPU
		{31794F9E-A1AA-4535-B03C-A3233737CD1A}.Release|Any CPU.ActiveCfg = Release|Any CPU
		{31794F9E-A1AA-4535-B03C-A3233737CD1A}.Release|Any CPU.Build.0 = Release|Any CPU
		{45308A9D-F4C6-46A8-A24F-E73D995CC223}.Debug|Any CPU.ActiveCfg = Debug|Any CPU
		{45308A9D-F4C6-46A8-A24F-E73D995CC223}.Debug|Any CPU.Build.0 = Debug|Any CPU
		{45308A9D-F4C6-46A8-A24F-E73D995CC223}.Release|Any CPU.ActiveCfg = Release|Any CPU
		{45308A9D-F4C6-46A8-A24F-E73D995CC223}.Release|Any CPU.Build.0 = Release|Any CPU
		{3360A5D1-70C0-49EE-9051-04A6A6B836DC}.Debug|Any CPU.ActiveCfg = Debug|Any CPU
		{3360A5D1-70C0-49EE-9051-04A6A6B836DC}.Debug|Any CPU.Build.0 = Debug|Any CPU
		{3360A5D1-70C0-49EE-9051-04A6A6B836DC}.Release|Any CPU.ActiveCfg = Release|Any CPU
		{3360A5D1-70C0-49EE-9051-04A6A6B836DC}.Release|Any CPU.Build.0 = Release|Any CPU
		{B2A3CE38-51B2-4486-982C-98C380AF140E}.Debug|Any CPU.ActiveCfg = Debug|Any CPU
		{B2A3CE38-51B2-4486-982C-98C380AF140E}.Debug|Any CPU.Build.0 = Debug|Any CPU
		{B2A3CE38-51B2-4486-982C-98C380AF140E}.Release|Any CPU.ActiveCfg = Release|Any CPU
		{B2A3CE38-51B2-4486-982C-98C380AF140E}.Release|Any CPU.Build.0 = Release|Any CPU
		{4D39C29B-4EC8-497C-B411-922DA494D71B}.Debug|Any CPU.ActiveCfg = Debug|Any CPU
		{4D39C29B-4EC8-497C-B411-922DA494D71B}.Debug|Any CPU.Build.0 = Debug|Any CPU
		{4D39C29B-4EC8-497C-B411-922DA494D71B}.Release|Any CPU.ActiveCfg = Release|Any CPU
		{4D39C29B-4EC8-497C-B411-922DA494D71B}.Release|Any CPU.Build.0 = Release|Any CPU
		{AC424AEE-4883-49C6-945F-2FC916B8CA1C}.Debug|Any CPU.ActiveCfg = Debug|Any CPU
		{AC424AEE-4883-49C6-945F-2FC916B8CA1C}.Debug|Any CPU.Build.0 = Debug|Any CPU
		{AC424AEE-4883-49C6-945F-2FC916B8CA1C}.Release|Any CPU.ActiveCfg = Release|Any CPU
		{AC424AEE-4883-49C6-945F-2FC916B8CA1C}.Release|Any CPU.Build.0 = Release|Any CPU
		{1C67B0F1-6E70-449E-A2F1-98B9D5C576CE}.Debug|Any CPU.ActiveCfg = Debug|Any CPU
		{1C67B0F1-6E70-449E-A2F1-98B9D5C576CE}.Debug|Any CPU.Build.0 = Debug|Any CPU
		{1C67B0F1-6E70-449E-A2F1-98B9D5C576CE}.Release|Any CPU.ActiveCfg = Release|Any CPU
		{1C67B0F1-6E70-449E-A2F1-98B9D5C576CE}.Release|Any CPU.Build.0 = Release|Any CPU
		{368B00A2-992A-4B0E-9085-A8136A22922D}.Debug|Any CPU.ActiveCfg = Debug|Any CPU
		{368B00A2-992A-4B0E-9085-A8136A22922D}.Debug|Any CPU.Build.0 = Debug|Any CPU
		{368B00A2-992A-4B0E-9085-A8136A22922D}.Release|Any CPU.ActiveCfg = Release|Any CPU
		{368B00A2-992A-4B0E-9085-A8136A22922D}.Release|Any CPU.Build.0 = Release|Any CPU
		{4BC947ED-13B8-4BE6-82A4-96A48D86980B}.Debug|Any CPU.ActiveCfg = Debug|Any CPU
		{4BC947ED-13B8-4BE6-82A4-96A48D86980B}.Debug|Any CPU.Build.0 = Debug|Any CPU
		{4BC947ED-13B8-4BE6-82A4-96A48D86980B}.Release|Any CPU.ActiveCfg = Release|Any CPU
		{4BC947ED-13B8-4BE6-82A4-96A48D86980B}.Release|Any CPU.Build.0 = Release|Any CPU
		{762F7276-C916-4111-A6C0-41668ABB3823}.Debug|Any CPU.ActiveCfg = Debug|Any CPU
		{762F7276-C916-4111-A6C0-41668ABB3823}.Debug|Any CPU.Build.0 = Debug|Any CPU
		{762F7276-C916-4111-A6C0-41668ABB3823}.Release|Any CPU.ActiveCfg = Release|Any CPU
		{762F7276-C916-4111-A6C0-41668ABB3823}.Release|Any CPU.Build.0 = Release|Any CPU
	EndGlobalSection
	GlobalSection(SolutionProperties) = preSolution
		HideSolutionNode = FALSE
	EndGlobalSection
	GlobalSection(NestedProjects) = preSolution
		{517308C3-B477-4B01-B461-CAB9C10B6928} = {A5076D28-FA7E-4606-9410-FEDD0D603527}
		{D6341B92-3416-4F11-8DF4-CB274296175F} = {8437B0F3-3894-4828-A945-A9187F37631D}
		{2363D0DD-A3BF-437E-9B64-B33AE132D875} = {A5076D28-FA7E-4606-9410-FEDD0D603527}
		{F5F1D123-9C81-4A9E-8644-AA46B8E578FB} = {8437B0F3-3894-4828-A945-A9187F37631D}
		{E5C55B80-7827-40EB-B661-32B0E0E431CA} = {9587FE9F-5A17-42C4-8021-E87F59CECB98}
		{7F95478D-E1D4-4A64-BA42-B041591A96EB} = {9587FE9F-5A17-42C4-8021-E87F59CECB98}
		{0E7CA1A7-1DC3-4CE6-B9C7-1688FE1410F1} = {A5076D28-FA7E-4606-9410-FEDD0D603527}
		{9E049645-13BC-4598-89E1-5B43D36E5D14} = {9587FE9F-5A17-42C4-8021-E87F59CECB98}
		{31794F9E-A1AA-4535-B03C-A3233737CD1A} = {8437B0F3-3894-4828-A945-A9187F37631D}
		{45308A9D-F4C6-46A8-A24F-E73D995CC223} = {A5076D28-FA7E-4606-9410-FEDD0D603527}
		{3360A5D1-70C0-49EE-9051-04A6A6B836DC} = {8437B0F3-3894-4828-A945-A9187F37631D}
		{B2A3CE38-51B2-4486-982C-98C380AF140E} = {9587FE9F-5A17-42C4-8021-E87F59CECB98}
		{4D39C29B-4EC8-497C-B411-922DA494D71B} = {A5076D28-FA7E-4606-9410-FEDD0D603527}
		{AC424AEE-4883-49C6-945F-2FC916B8CA1C} = {9587FE9F-5A17-42C4-8021-E87F59CECB98}
		{1C67B0F1-6E70-449E-A2F1-98B9D5C576CE} = {8437B0F3-3894-4828-A945-A9187F37631D}
		{368B00A2-992A-4B0E-9085-A8136A22922D} = {9587FE9F-5A17-42C4-8021-E87F59CECB98}
		{5CEA6F31-A829-4A02-8CD5-EC3DDD4CC1EA} = {59A9B64C-E9BE-409E-89A2-58D72E2918F5}
		{4BC947ED-13B8-4BE6-82A4-96A48D86980B} = {8437B0F3-3894-4828-A945-A9187F37631D}
		{762F7276-C916-4111-A6C0-41668ABB3823} = {A5076D28-FA7E-4606-9410-FEDD0D603527}
	EndGlobalSection
	GlobalSection(ExtensibilityGlobals) = postSolution
		SolutionGuid = {4518E9CE-3680-4E05-9259-B64EA7807158}
	EndGlobalSection
EndGlobal
