Microsoft Visual Studio Solution File, Format Version 12.00
# Visual Studio 15
VisualStudioVersion = 15.0.26127.0
MinimumVisualStudioVersion = 10.0.40219.1
Project("{2150E333-8FDC-42A3-9474-1A3956D46DE8}") = "src", "src", "{509A6F36-AD80-4A18-B5B1-717D38DFF29D}"
EndProject
Project("{2150E333-8FDC-42A3-9474-1A3956D46DE8}") = "samples", "samples", "{ACAA0157-A8C4-4152-93DE-90CCDF304087}"
EndProject
Project("{FAE04EC0-301F-11D3-BF4B-00C04F79EFBC}") = "WelcomePageSample", "samples\WelcomePageSample\WelcomePageSample.csproj", "{C5F59CBA-DF2D-4983-8CBB-11B6AF21B416}"
EndProject
Project("{FAE04EC0-301F-11D3-BF4B-00C04F79EFBC}") = "Microsoft.AspNetCore.Diagnostics", "src\Microsoft.AspNetCore.Diagnostics\Microsoft.AspNetCore.Diagnostics.csproj", "{68A1F0E1-ECCE-46D1-B20F-C43EE5B097DE}"
EndProject
Project("{FAE04EC0-301F-11D3-BF4B-00C04F79EFBC}") = "DeveloperExceptionPageSample", "samples\DeveloperExceptionPageSample\DeveloperExceptionPageSample.csproj", "{589AC17F-9455-4764-8F82-FCD2AE58DA14}"
EndProject
Project("{2150E333-8FDC-42A3-9474-1A3956D46DE8}") = "test", "test", "{2AF90579-B118-4583-AE88-672EFACB5BC4}"
EndProject
Project("{FAE04EC0-301F-11D3-BF4B-00C04F79EFBC}") = "Microsoft.AspNetCore.Diagnostics.Tests", "test\Microsoft.AspNetCore.Diagnostics.Tests\Microsoft.AspNetCore.Diagnostics.Tests.csproj", "{994351B4-7B2A-4139-8B72-72C5BB5CC618}"
EndProject
Project("{FAE04EC0-301F-11D3-BF4B-00C04F79EFBC}") = "ExceptionHandlerSample", "samples\ExceptionHandlerSample\ExceptionHandlerSample.csproj", "{427CDB36-78B0-4583-9EBC-7F283DE60355}"
EndProject
Project("{FAE04EC0-301F-11D3-BF4B-00C04F79EFBC}") = "Microsoft.AspNetCore.Diagnostics.EntityFrameworkCore", "src\Microsoft.AspNetCore.Diagnostics.EntityFrameworkCore\Microsoft.AspNetCore.Diagnostics.EntityFrameworkCore.csproj", "{4F5A6A72-FFE4-49C4-B4C6-58132CFCB9FE}"
EndProject
Project("{FAE04EC0-301F-11D3-BF4B-00C04F79EFBC}") = "Microsoft.AspNetCore.Diagnostics.EntityFrameworkCore.Tests", "test\Microsoft.AspNetCore.Diagnostics.EntityFrameworkCore.Tests\Microsoft.AspNetCore.Diagnostics.EntityFrameworkCore.Tests.csproj", "{5486117B-A742-49E0-94FC-12B76F061803}"
EndProject
Project("{FAE04EC0-301F-11D3-BF4B-00C04F79EFBC}") = "Microsoft.AspNetCore.Diagnostics.EntityFrameworkCore.FunctionalTests", "test\Microsoft.AspNetCore.Diagnostics.EntityFrameworkCore.FunctionalTests\Microsoft.AspNetCore.Diagnostics.EntityFrameworkCore.FunctionalTests.csproj", "{2F9B479D-8247-4210-804B-78E6DD5C3E98}"
EndProject
Project("{FAE04EC0-301F-11D3-BF4B-00C04F79EFBC}") = "Microsoft.AspNetCore.Diagnostics.Elm", "src\Microsoft.AspNetCore.Diagnostics.Elm\Microsoft.AspNetCore.Diagnostics.Elm.csproj", "{624B0019-956A-4157-B008-270C5B229553}"
EndProject
Project("{FAE04EC0-301F-11D3-BF4B-00C04F79EFBC}") = "StatusCodePagesSample", "samples\StatusCodePagesSample\StatusCodePagesSample.csproj", "{CC1F5841-FE10-4DDB-8477-C4DE92BA759F}"
EndProject
Project("{FAE04EC0-301F-11D3-BF4B-00C04F79EFBC}") = "Microsoft.AspNetCore.Diagnostics.Abstractions", "src\Microsoft.AspNetCore.Diagnostics.Abstractions\Microsoft.AspNetCore.Diagnostics.Abstractions.csproj", "{83FFB65A-97B1-45AA-BCB8-3F43966BC8A3}"
EndProject
Project("{FAE04EC0-301F-11D3-BF4B-00C04F79EFBC}") = "ElmPageSample", "samples\ElmPageSample\ElmPageSample.csproj", "{FFD28DCF-C24F-4C59-9B6B-F3B74CE13129}"
EndProject
Project("{FAE04EC0-301F-11D3-BF4B-00C04F79EFBC}") = "DatabaseErrorPageSample", "samples\DatabaseErrorPageSample\DatabaseErrorPageSample.csproj", "{FF7F11A1-14E7-4948-A853-2487D99DE0C6}"
EndProject
Project("{FAE04EC0-301F-11D3-BF4B-00C04F79EFBC}") = "Microsoft.AspNetCore.MiddlewareAnalysis", "src\Microsoft.AspNetCore.MiddlewareAnalysis\Microsoft.AspNetCore.MiddlewareAnalysis.csproj", "{C2DEDD37-D1EB-4819-9A9C-475E37A52358}"
EndProject
Project("{FAE04EC0-301F-11D3-BF4B-00C04F79EFBC}") = "MiddlewareAnalysisSample", "samples\MiddlewareAnalysisSample\MiddlewareAnalysisSample.csproj", "{95981429-F212-44E1-83AA-32DA9E2A517C}"
EndProject
Project("{FAE04EC0-301F-11D3-BF4B-00C04F79EFBC}") = "Microsoft.AspNetCore.MiddlewareAnalysis.Tests", "test\Microsoft.AspNetCore.MiddlewareAnalysis.Tests\Microsoft.AspNetCore.MiddlewareAnalysis.Tests.csproj", "{B0166AED-738F-42EE-AF4D-C487C8B21521}"
EndProject
Project("{FAE04EC0-301F-11D3-BF4B-00C04F79EFBC}") = "Microsoft.AspNetCore.Diagnostics.FunctionalTests", "test\Microsoft.AspNetCore.Diagnostics.FunctionalTests\Microsoft.AspNetCore.Diagnostics.FunctionalTests.csproj", "{BFDFE1E3-A6A9-4DAB-8939-1DA306FC69C8}"
EndProject
Project("{FAE04EC0-301F-11D3-BF4B-00C04F79EFBC}") = "ClassLibraryWithPortablePdbs", "test\ClassLibraryWithPortablePdbs\ClassLibraryWithPortablePdbs.csproj", "{AA3661A1-CE8D-4597-ADFD-A5A30834E5D0}"
EndProject
Global
	GlobalSection(SolutionConfigurationPlatforms) = preSolution
		Debug|Any CPU = Debug|Any CPU
		Debug|Mixed Platforms = Debug|Mixed Platforms
		Debug|x86 = Debug|x86
		Release|Any CPU = Release|Any CPU
		Release|Mixed Platforms = Release|Mixed Platforms
		Release|x86 = Release|x86
	EndGlobalSection
	GlobalSection(ProjectConfigurationPlatforms) = postSolution
		{C5F59CBA-DF2D-4983-8CBB-11B6AF21B416}.Debug|Any CPU.ActiveCfg = Debug|Any CPU
		{C5F59CBA-DF2D-4983-8CBB-11B6AF21B416}.Debug|Any CPU.Build.0 = Debug|Any CPU
		{C5F59CBA-DF2D-4983-8CBB-11B6AF21B416}.Debug|Mixed Platforms.ActiveCfg = Debug|Any CPU
		{C5F59CBA-DF2D-4983-8CBB-11B6AF21B416}.Debug|Mixed Platforms.Build.0 = Debug|Any CPU
		{C5F59CBA-DF2D-4983-8CBB-11B6AF21B416}.Debug|x86.ActiveCfg = Debug|Any CPU
		{C5F59CBA-DF2D-4983-8CBB-11B6AF21B416}.Release|Any CPU.ActiveCfg = Release|Any CPU
		{C5F59CBA-DF2D-4983-8CBB-11B6AF21B416}.Release|Any CPU.Build.0 = Release|Any CPU
		{C5F59CBA-DF2D-4983-8CBB-11B6AF21B416}.Release|Mixed Platforms.ActiveCfg = Release|Any CPU
		{C5F59CBA-DF2D-4983-8CBB-11B6AF21B416}.Release|Mixed Platforms.Build.0 = Release|Any CPU
		{C5F59CBA-DF2D-4983-8CBB-11B6AF21B416}.Release|x86.ActiveCfg = Release|Any CPU
		{68A1F0E1-ECCE-46D1-B20F-C43EE5B097DE}.Debug|Any CPU.ActiveCfg = Debug|Any CPU
		{68A1F0E1-ECCE-46D1-B20F-C43EE5B097DE}.Debug|Any CPU.Build.0 = Debug|Any CPU
		{68A1F0E1-ECCE-46D1-B20F-C43EE5B097DE}.Debug|Mixed Platforms.ActiveCfg = Debug|Any CPU
		{68A1F0E1-ECCE-46D1-B20F-C43EE5B097DE}.Debug|Mixed Platforms.Build.0 = Debug|Any CPU
		{68A1F0E1-ECCE-46D1-B20F-C43EE5B097DE}.Debug|x86.ActiveCfg = Debug|Any CPU
		{68A1F0E1-ECCE-46D1-B20F-C43EE5B097DE}.Release|Any CPU.ActiveCfg = Release|Any CPU
		{68A1F0E1-ECCE-46D1-B20F-C43EE5B097DE}.Release|Any CPU.Build.0 = Release|Any CPU
		{68A1F0E1-ECCE-46D1-B20F-C43EE5B097DE}.Release|Mixed Platforms.ActiveCfg = Release|Any CPU
		{68A1F0E1-ECCE-46D1-B20F-C43EE5B097DE}.Release|Mixed Platforms.Build.0 = Release|Any CPU
		{68A1F0E1-ECCE-46D1-B20F-C43EE5B097DE}.Release|x86.ActiveCfg = Release|Any CPU
		{589AC17F-9455-4764-8F82-FCD2AE58DA14}.Debug|Any CPU.ActiveCfg = Debug|Any CPU
		{589AC17F-9455-4764-8F82-FCD2AE58DA14}.Debug|Any CPU.Build.0 = Debug|Any CPU
		{589AC17F-9455-4764-8F82-FCD2AE58DA14}.Debug|Mixed Platforms.ActiveCfg = Debug|Any CPU
		{589AC17F-9455-4764-8F82-FCD2AE58DA14}.Debug|Mixed Platforms.Build.0 = Debug|Any CPU
		{589AC17F-9455-4764-8F82-FCD2AE58DA14}.Debug|x86.ActiveCfg = Debug|Any CPU
		{589AC17F-9455-4764-8F82-FCD2AE58DA14}.Release|Any CPU.ActiveCfg = Release|Any CPU
		{589AC17F-9455-4764-8F82-FCD2AE58DA14}.Release|Any CPU.Build.0 = Release|Any CPU
		{589AC17F-9455-4764-8F82-FCD2AE58DA14}.Release|Mixed Platforms.ActiveCfg = Release|Any CPU
		{589AC17F-9455-4764-8F82-FCD2AE58DA14}.Release|Mixed Platforms.Build.0 = Release|Any CPU
		{589AC17F-9455-4764-8F82-FCD2AE58DA14}.Release|x86.ActiveCfg = Release|Any CPU
		{994351B4-7B2A-4139-8B72-72C5BB5CC618}.Debug|Any CPU.ActiveCfg = Debug|Any CPU
		{994351B4-7B2A-4139-8B72-72C5BB5CC618}.Debug|Any CPU.Build.0 = Debug|Any CPU
		{994351B4-7B2A-4139-8B72-72C5BB5CC618}.Debug|Mixed Platforms.ActiveCfg = Debug|Any CPU
		{994351B4-7B2A-4139-8B72-72C5BB5CC618}.Debug|Mixed Platforms.Build.0 = Debug|Any CPU
		{994351B4-7B2A-4139-8B72-72C5BB5CC618}.Debug|x86.ActiveCfg = Debug|Any CPU
		{994351B4-7B2A-4139-8B72-72C5BB5CC618}.Release|Any CPU.ActiveCfg = Release|Any CPU
		{994351B4-7B2A-4139-8B72-72C5BB5CC618}.Release|Any CPU.Build.0 = Release|Any CPU
		{994351B4-7B2A-4139-8B72-72C5BB5CC618}.Release|Mixed Platforms.ActiveCfg = Release|Any CPU
		{994351B4-7B2A-4139-8B72-72C5BB5CC618}.Release|Mixed Platforms.Build.0 = Release|Any CPU
		{994351B4-7B2A-4139-8B72-72C5BB5CC618}.Release|x86.ActiveCfg = Release|Any CPU
		{427CDB36-78B0-4583-9EBC-7F283DE60355}.Debug|Any CPU.ActiveCfg = Debug|Any CPU
		{427CDB36-78B0-4583-9EBC-7F283DE60355}.Debug|Any CPU.Build.0 = Debug|Any CPU
		{427CDB36-78B0-4583-9EBC-7F283DE60355}.Debug|Mixed Platforms.ActiveCfg = Debug|Any CPU
		{427CDB36-78B0-4583-9EBC-7F283DE60355}.Debug|Mixed Platforms.Build.0 = Debug|Any CPU
		{427CDB36-78B0-4583-9EBC-7F283DE60355}.Debug|x86.ActiveCfg = Debug|Any CPU
		{427CDB36-78B0-4583-9EBC-7F283DE60355}.Release|Any CPU.ActiveCfg = Release|Any CPU
		{427CDB36-78B0-4583-9EBC-7F283DE60355}.Release|Any CPU.Build.0 = Release|Any CPU
		{427CDB36-78B0-4583-9EBC-7F283DE60355}.Release|Mixed Platforms.ActiveCfg = Release|Any CPU
		{427CDB36-78B0-4583-9EBC-7F283DE60355}.Release|Mixed Platforms.Build.0 = Release|Any CPU
		{427CDB36-78B0-4583-9EBC-7F283DE60355}.Release|x86.ActiveCfg = Release|Any CPU
		{4F5A6A72-FFE4-49C4-B4C6-58132CFCB9FE}.Debug|Any CPU.ActiveCfg = Debug|Any CPU
		{4F5A6A72-FFE4-49C4-B4C6-58132CFCB9FE}.Debug|Any CPU.Build.0 = Debug|Any CPU
		{4F5A6A72-FFE4-49C4-B4C6-58132CFCB9FE}.Debug|Mixed Platforms.ActiveCfg = Debug|Any CPU
		{4F5A6A72-FFE4-49C4-B4C6-58132CFCB9FE}.Debug|Mixed Platforms.Build.0 = Debug|Any CPU
		{4F5A6A72-FFE4-49C4-B4C6-58132CFCB9FE}.Debug|x86.ActiveCfg = Debug|Any CPU
		{4F5A6A72-FFE4-49C4-B4C6-58132CFCB9FE}.Debug|x86.Build.0 = Debug|Any CPU
		{4F5A6A72-FFE4-49C4-B4C6-58132CFCB9FE}.Release|Any CPU.ActiveCfg = Release|Any CPU
		{4F5A6A72-FFE4-49C4-B4C6-58132CFCB9FE}.Release|Any CPU.Build.0 = Release|Any CPU
		{4F5A6A72-FFE4-49C4-B4C6-58132CFCB9FE}.Release|Mixed Platforms.ActiveCfg = Release|Any CPU
		{4F5A6A72-FFE4-49C4-B4C6-58132CFCB9FE}.Release|Mixed Platforms.Build.0 = Release|Any CPU
		{4F5A6A72-FFE4-49C4-B4C6-58132CFCB9FE}.Release|x86.ActiveCfg = Release|Any CPU
		{4F5A6A72-FFE4-49C4-B4C6-58132CFCB9FE}.Release|x86.Build.0 = Release|Any CPU
		{5486117B-A742-49E0-94FC-12B76F061803}.Debug|Any CPU.ActiveCfg = Debug|Any CPU
		{5486117B-A742-49E0-94FC-12B76F061803}.Debug|Any CPU.Build.0 = Debug|Any CPU
		{5486117B-A742-49E0-94FC-12B76F061803}.Debug|Mixed Platforms.ActiveCfg = Debug|Any CPU
		{5486117B-A742-49E0-94FC-12B76F061803}.Debug|Mixed Platforms.Build.0 = Debug|Any CPU
		{5486117B-A742-49E0-94FC-12B76F061803}.Debug|x86.ActiveCfg = Debug|Any CPU
		{5486117B-A742-49E0-94FC-12B76F061803}.Debug|x86.Build.0 = Debug|Any CPU
		{5486117B-A742-49E0-94FC-12B76F061803}.Release|Any CPU.ActiveCfg = Release|Any CPU
		{5486117B-A742-49E0-94FC-12B76F061803}.Release|Any CPU.Build.0 = Release|Any CPU
		{5486117B-A742-49E0-94FC-12B76F061803}.Release|Mixed Platforms.ActiveCfg = Release|Any CPU
		{5486117B-A742-49E0-94FC-12B76F061803}.Release|Mixed Platforms.Build.0 = Release|Any CPU
		{5486117B-A742-49E0-94FC-12B76F061803}.Release|x86.ActiveCfg = Release|Any CPU
		{5486117B-A742-49E0-94FC-12B76F061803}.Release|x86.Build.0 = Release|Any CPU
		{2F9B479D-8247-4210-804B-78E6DD5C3E98}.Debug|Any CPU.ActiveCfg = Debug|Any CPU
		{2F9B479D-8247-4210-804B-78E6DD5C3E98}.Debug|Any CPU.Build.0 = Debug|Any CPU
		{2F9B479D-8247-4210-804B-78E6DD5C3E98}.Debug|Mixed Platforms.ActiveCfg = Debug|Any CPU
		{2F9B479D-8247-4210-804B-78E6DD5C3E98}.Debug|Mixed Platforms.Build.0 = Debug|Any CPU
		{2F9B479D-8247-4210-804B-78E6DD5C3E98}.Debug|x86.ActiveCfg = Debug|Any CPU
		{2F9B479D-8247-4210-804B-78E6DD5C3E98}.Debug|x86.Build.0 = Debug|Any CPU
		{2F9B479D-8247-4210-804B-78E6DD5C3E98}.Release|Any CPU.ActiveCfg = Release|Any CPU
		{2F9B479D-8247-4210-804B-78E6DD5C3E98}.Release|Any CPU.Build.0 = Release|Any CPU
		{2F9B479D-8247-4210-804B-78E6DD5C3E98}.Release|Mixed Platforms.ActiveCfg = Release|Any CPU
		{2F9B479D-8247-4210-804B-78E6DD5C3E98}.Release|Mixed Platforms.Build.0 = Release|Any CPU
		{2F9B479D-8247-4210-804B-78E6DD5C3E98}.Release|x86.ActiveCfg = Release|Any CPU
		{2F9B479D-8247-4210-804B-78E6DD5C3E98}.Release|x86.Build.0 = Release|Any CPU
		{624B0019-956A-4157-B008-270C5B229553}.Debug|Any CPU.ActiveCfg = Debug|Any CPU
		{624B0019-956A-4157-B008-270C5B229553}.Debug|Any CPU.Build.0 = Debug|Any CPU
		{624B0019-956A-4157-B008-270C5B229553}.Debug|Mixed Platforms.ActiveCfg = Debug|Any CPU
		{624B0019-956A-4157-B008-270C5B229553}.Debug|Mixed Platforms.Build.0 = Debug|Any CPU
		{624B0019-956A-4157-B008-270C5B229553}.Debug|x86.ActiveCfg = Debug|Any CPU
		{624B0019-956A-4157-B008-270C5B229553}.Debug|x86.Build.0 = Debug|Any CPU
		{624B0019-956A-4157-B008-270C5B229553}.Release|Any CPU.ActiveCfg = Release|Any CPU
		{624B0019-956A-4157-B008-270C5B229553}.Release|Any CPU.Build.0 = Release|Any CPU
		{624B0019-956A-4157-B008-270C5B229553}.Release|Mixed Platforms.ActiveCfg = Release|Any CPU
		{624B0019-956A-4157-B008-270C5B229553}.Release|Mixed Platforms.Build.0 = Release|Any CPU
		{624B0019-956A-4157-B008-270C5B229553}.Release|x86.ActiveCfg = Release|Any CPU
		{624B0019-956A-4157-B008-270C5B229553}.Release|x86.Build.0 = Release|Any CPU
		{CC1F5841-FE10-4DDB-8477-C4DE92BA759F}.Debug|Any CPU.ActiveCfg = Debug|Any CPU
		{CC1F5841-FE10-4DDB-8477-C4DE92BA759F}.Debug|Any CPU.Build.0 = Debug|Any CPU
		{CC1F5841-FE10-4DDB-8477-C4DE92BA759F}.Debug|Mixed Platforms.ActiveCfg = Debug|Any CPU
		{CC1F5841-FE10-4DDB-8477-C4DE92BA759F}.Debug|Mixed Platforms.Build.0 = Debug|Any CPU
		{CC1F5841-FE10-4DDB-8477-C4DE92BA759F}.Debug|x86.ActiveCfg = Debug|Any CPU
		{CC1F5841-FE10-4DDB-8477-C4DE92BA759F}.Debug|x86.Build.0 = Debug|Any CPU
		{CC1F5841-FE10-4DDB-8477-C4DE92BA759F}.Release|Any CPU.ActiveCfg = Release|Any CPU
		{CC1F5841-FE10-4DDB-8477-C4DE92BA759F}.Release|Any CPU.Build.0 = Release|Any CPU
		{CC1F5841-FE10-4DDB-8477-C4DE92BA759F}.Release|Mixed Platforms.ActiveCfg = Release|Any CPU
		{CC1F5841-FE10-4DDB-8477-C4DE92BA759F}.Release|Mixed Platforms.Build.0 = Release|Any CPU
		{CC1F5841-FE10-4DDB-8477-C4DE92BA759F}.Release|x86.ActiveCfg = Release|Any CPU
		{CC1F5841-FE10-4DDB-8477-C4DE92BA759F}.Release|x86.Build.0 = Release|Any CPU
		{83FFB65A-97B1-45AA-BCB8-3F43966BC8A3}.Debug|Any CPU.ActiveCfg = Debug|Any CPU
		{83FFB65A-97B1-45AA-BCB8-3F43966BC8A3}.Debug|Any CPU.Build.0 = Debug|Any CPU
		{83FFB65A-97B1-45AA-BCB8-3F43966BC8A3}.Debug|Mixed Platforms.ActiveCfg = Debug|Any CPU
		{83FFB65A-97B1-45AA-BCB8-3F43966BC8A3}.Debug|Mixed Platforms.Build.0 = Debug|Any CPU
		{83FFB65A-97B1-45AA-BCB8-3F43966BC8A3}.Debug|x86.ActiveCfg = Debug|Any CPU
		{83FFB65A-97B1-45AA-BCB8-3F43966BC8A3}.Debug|x86.Build.0 = Debug|Any CPU
		{83FFB65A-97B1-45AA-BCB8-3F43966BC8A3}.Release|Any CPU.ActiveCfg = Release|Any CPU
		{83FFB65A-97B1-45AA-BCB8-3F43966BC8A3}.Release|Any CPU.Build.0 = Release|Any CPU
		{83FFB65A-97B1-45AA-BCB8-3F43966BC8A3}.Release|Mixed Platforms.ActiveCfg = Release|Any CPU
		{83FFB65A-97B1-45AA-BCB8-3F43966BC8A3}.Release|Mixed Platforms.Build.0 = Release|Any CPU
		{83FFB65A-97B1-45AA-BCB8-3F43966BC8A3}.Release|x86.ActiveCfg = Release|Any CPU
		{83FFB65A-97B1-45AA-BCB8-3F43966BC8A3}.Release|x86.Build.0 = Release|Any CPU
		{FFD28DCF-C24F-4C59-9B6B-F3B74CE13129}.Debug|Any CPU.ActiveCfg = Debug|Any CPU
		{FFD28DCF-C24F-4C59-9B6B-F3B74CE13129}.Debug|Any CPU.Build.0 = Debug|Any CPU
		{FFD28DCF-C24F-4C59-9B6B-F3B74CE13129}.Debug|Mixed Platforms.ActiveCfg = Debug|Any CPU
		{FFD28DCF-C24F-4C59-9B6B-F3B74CE13129}.Debug|Mixed Platforms.Build.0 = Debug|Any CPU
		{FFD28DCF-C24F-4C59-9B6B-F3B74CE13129}.Debug|x86.ActiveCfg = Debug|Any CPU
		{FFD28DCF-C24F-4C59-9B6B-F3B74CE13129}.Debug|x86.Build.0 = Debug|Any CPU
		{FFD28DCF-C24F-4C59-9B6B-F3B74CE13129}.Release|Any CPU.ActiveCfg = Release|Any CPU
		{FFD28DCF-C24F-4C59-9B6B-F3B74CE13129}.Release|Any CPU.Build.0 = Release|Any CPU
		{FFD28DCF-C24F-4C59-9B6B-F3B74CE13129}.Release|Mixed Platforms.ActiveCfg = Release|Any CPU
		{FFD28DCF-C24F-4C59-9B6B-F3B74CE13129}.Release|Mixed Platforms.Build.0 = Release|Any CPU
		{FFD28DCF-C24F-4C59-9B6B-F3B74CE13129}.Release|x86.ActiveCfg = Release|Any CPU
		{FFD28DCF-C24F-4C59-9B6B-F3B74CE13129}.Release|x86.Build.0 = Release|Any CPU
		{FF7F11A1-14E7-4948-A853-2487D99DE0C6}.Debug|Any CPU.ActiveCfg = Debug|Any CPU
		{FF7F11A1-14E7-4948-A853-2487D99DE0C6}.Debug|Any CPU.Build.0 = Debug|Any CPU
		{FF7F11A1-14E7-4948-A853-2487D99DE0C6}.Debug|Mixed Platforms.ActiveCfg = Debug|Any CPU
		{FF7F11A1-14E7-4948-A853-2487D99DE0C6}.Debug|Mixed Platforms.Build.0 = Debug|Any CPU
		{FF7F11A1-14E7-4948-A853-2487D99DE0C6}.Debug|x86.ActiveCfg = Debug|Any CPU
		{FF7F11A1-14E7-4948-A853-2487D99DE0C6}.Debug|x86.Build.0 = Debug|Any CPU
		{FF7F11A1-14E7-4948-A853-2487D99DE0C6}.Release|Any CPU.ActiveCfg = Release|Any CPU
		{FF7F11A1-14E7-4948-A853-2487D99DE0C6}.Release|Any CPU.Build.0 = Release|Any CPU
		{FF7F11A1-14E7-4948-A853-2487D99DE0C6}.Release|Mixed Platforms.ActiveCfg = Release|Any CPU
		{FF7F11A1-14E7-4948-A853-2487D99DE0C6}.Release|Mixed Platforms.Build.0 = Release|Any CPU
		{FF7F11A1-14E7-4948-A853-2487D99DE0C6}.Release|x86.ActiveCfg = Release|Any CPU
		{FF7F11A1-14E7-4948-A853-2487D99DE0C6}.Release|x86.Build.0 = Release|Any CPU
		{C2DEDD37-D1EB-4819-9A9C-475E37A52358}.Debug|Any CPU.ActiveCfg = Debug|Any CPU
		{C2DEDD37-D1EB-4819-9A9C-475E37A52358}.Debug|Any CPU.Build.0 = Debug|Any CPU
		{C2DEDD37-D1EB-4819-9A9C-475E37A52358}.Debug|Mixed Platforms.ActiveCfg = Debug|Any CPU
		{C2DEDD37-D1EB-4819-9A9C-475E37A52358}.Debug|Mixed Platforms.Build.0 = Debug|Any CPU
		{C2DEDD37-D1EB-4819-9A9C-475E37A52358}.Debug|x86.ActiveCfg = Debug|Any CPU
		{C2DEDD37-D1EB-4819-9A9C-475E37A52358}.Debug|x86.Build.0 = Debug|Any CPU
		{C2DEDD37-D1EB-4819-9A9C-475E37A52358}.Release|Any CPU.ActiveCfg = Release|Any CPU
		{C2DEDD37-D1EB-4819-9A9C-475E37A52358}.Release|Any CPU.Build.0 = Release|Any CPU
		{C2DEDD37-D1EB-4819-9A9C-475E37A52358}.Release|Mixed Platforms.ActiveCfg = Release|Any CPU
		{C2DEDD37-D1EB-4819-9A9C-475E37A52358}.Release|Mixed Platforms.Build.0 = Release|Any CPU
		{C2DEDD37-D1EB-4819-9A9C-475E37A52358}.Release|x86.ActiveCfg = Release|Any CPU
		{C2DEDD37-D1EB-4819-9A9C-475E37A52358}.Release|x86.Build.0 = Release|Any CPU
		{95981429-F212-44E1-83AA-32DA9E2A517C}.Debug|Any CPU.ActiveCfg = Debug|Any CPU
		{95981429-F212-44E1-83AA-32DA9E2A517C}.Debug|Any CPU.Build.0 = Debug|Any CPU
		{95981429-F212-44E1-83AA-32DA9E2A517C}.Debug|Mixed Platforms.ActiveCfg = Debug|Any CPU
		{95981429-F212-44E1-83AA-32DA9E2A517C}.Debug|Mixed Platforms.Build.0 = Debug|Any CPU
		{95981429-F212-44E1-83AA-32DA9E2A517C}.Debug|x86.ActiveCfg = Debug|Any CPU
		{95981429-F212-44E1-83AA-32DA9E2A517C}.Debug|x86.Build.0 = Debug|Any CPU
		{95981429-F212-44E1-83AA-32DA9E2A517C}.Release|Any CPU.ActiveCfg = Release|Any CPU
		{95981429-F212-44E1-83AA-32DA9E2A517C}.Release|Any CPU.Build.0 = Release|Any CPU
		{95981429-F212-44E1-83AA-32DA9E2A517C}.Release|Mixed Platforms.ActiveCfg = Release|Any CPU
		{95981429-F212-44E1-83AA-32DA9E2A517C}.Release|Mixed Platforms.Build.0 = Release|Any CPU
		{95981429-F212-44E1-83AA-32DA9E2A517C}.Release|x86.ActiveCfg = Release|Any CPU
		{95981429-F212-44E1-83AA-32DA9E2A517C}.Release|x86.Build.0 = Release|Any CPU
		{B0166AED-738F-42EE-AF4D-C487C8B21521}.Debug|Any CPU.ActiveCfg = Debug|Any CPU
		{B0166AED-738F-42EE-AF4D-C487C8B21521}.Debug|Any CPU.Build.0 = Debug|Any CPU
		{B0166AED-738F-42EE-AF4D-C487C8B21521}.Debug|Mixed Platforms.ActiveCfg = Debug|Any CPU
		{B0166AED-738F-42EE-AF4D-C487C8B21521}.Debug|Mixed Platforms.Build.0 = Debug|Any CPU
		{B0166AED-738F-42EE-AF4D-C487C8B21521}.Debug|x86.ActiveCfg = Debug|Any CPU
		{B0166AED-738F-42EE-AF4D-C487C8B21521}.Debug|x86.Build.0 = Debug|Any CPU
		{B0166AED-738F-42EE-AF4D-C487C8B21521}.Release|Any CPU.ActiveCfg = Release|Any CPU
		{B0166AED-738F-42EE-AF4D-C487C8B21521}.Release|Any CPU.Build.0 = Release|Any CPU
		{B0166AED-738F-42EE-AF4D-C487C8B21521}.Release|Mixed Platforms.ActiveCfg = Release|Any CPU
		{B0166AED-738F-42EE-AF4D-C487C8B21521}.Release|Mixed Platforms.Build.0 = Release|Any CPU
		{B0166AED-738F-42EE-AF4D-C487C8B21521}.Release|x86.ActiveCfg = Release|Any CPU
		{B0166AED-738F-42EE-AF4D-C487C8B21521}.Release|x86.Build.0 = Release|Any CPU
		{BFDFE1E3-A6A9-4DAB-8939-1DA306FC69C8}.Debug|Any CPU.ActiveCfg = Debug|Any CPU
		{BFDFE1E3-A6A9-4DAB-8939-1DA306FC69C8}.Debug|Any CPU.Build.0 = Debug|Any CPU
		{BFDFE1E3-A6A9-4DAB-8939-1DA306FC69C8}.Debug|Mixed Platforms.ActiveCfg = Debug|Any CPU
		{BFDFE1E3-A6A9-4DAB-8939-1DA306FC69C8}.Debug|Mixed Platforms.Build.0 = Debug|Any CPU
		{BFDFE1E3-A6A9-4DAB-8939-1DA306FC69C8}.Debug|x86.ActiveCfg = Debug|Any CPU
		{BFDFE1E3-A6A9-4DAB-8939-1DA306FC69C8}.Debug|x86.Build.0 = Debug|Any CPU
		{BFDFE1E3-A6A9-4DAB-8939-1DA306FC69C8}.Release|Any CPU.ActiveCfg = Release|Any CPU
		{BFDFE1E3-A6A9-4DAB-8939-1DA306FC69C8}.Release|Any CPU.Build.0 = Release|Any CPU
		{BFDFE1E3-A6A9-4DAB-8939-1DA306FC69C8}.Release|Mixed Platforms.ActiveCfg = Release|Any CPU
		{BFDFE1E3-A6A9-4DAB-8939-1DA306FC69C8}.Release|Mixed Platforms.Build.0 = Release|Any CPU
		{BFDFE1E3-A6A9-4DAB-8939-1DA306FC69C8}.Release|x86.ActiveCfg = Release|Any CPU
		{BFDFE1E3-A6A9-4DAB-8939-1DA306FC69C8}.Release|x86.Build.0 = Release|Any CPU
		{AA3661A1-CE8D-4597-ADFD-A5A30834E5D0}.Debug|Any CPU.ActiveCfg = Debug|Any CPU
		{AA3661A1-CE8D-4597-ADFD-A5A30834E5D0}.Debug|Any CPU.Build.0 = Debug|Any CPU
		{AA3661A1-CE8D-4597-ADFD-A5A30834E5D0}.Debug|Mixed Platforms.ActiveCfg = Debug|Any CPU
		{AA3661A1-CE8D-4597-ADFD-A5A30834E5D0}.Debug|Mixed Platforms.Build.0 = Debug|Any CPU
		{AA3661A1-CE8D-4597-ADFD-A5A30834E5D0}.Debug|x86.ActiveCfg = Debug|Any CPU
		{AA3661A1-CE8D-4597-ADFD-A5A30834E5D0}.Debug|x86.Build.0 = Debug|Any CPU
		{AA3661A1-CE8D-4597-ADFD-A5A30834E5D0}.Release|Any CPU.ActiveCfg = Release|Any CPU
		{AA3661A1-CE8D-4597-ADFD-A5A30834E5D0}.Release|Any CPU.Build.0 = Release|Any CPU
		{AA3661A1-CE8D-4597-ADFD-A5A30834E5D0}.Release|Mixed Platforms.ActiveCfg = Release|Any CPU
		{AA3661A1-CE8D-4597-ADFD-A5A30834E5D0}.Release|Mixed Platforms.Build.0 = Release|Any CPU
		{AA3661A1-CE8D-4597-ADFD-A5A30834E5D0}.Release|x86.ActiveCfg = Release|Any CPU
		{AA3661A1-CE8D-4597-ADFD-A5A30834E5D0}.Release|x86.Build.0 = Release|Any CPU
	EndGlobalSection
	GlobalSection(SolutionProperties) = preSolution
		HideSolutionNode = FALSE
	EndGlobalSection
	GlobalSection(NestedProjects) = preSolution
		{C5F59CBA-DF2D-4983-8CBB-11B6AF21B416} = {ACAA0157-A8C4-4152-93DE-90CCDF304087}
		{68A1F0E1-ECCE-46D1-B20F-C43EE5B097DE} = {509A6F36-AD80-4A18-B5B1-717D38DFF29D}
		{589AC17F-9455-4764-8F82-FCD2AE58DA14} = {ACAA0157-A8C4-4152-93DE-90CCDF304087}
		{994351B4-7B2A-4139-8B72-72C5BB5CC618} = {2AF90579-B118-4583-AE88-672EFACB5BC4}
		{427CDB36-78B0-4583-9EBC-7F283DE60355} = {ACAA0157-A8C4-4152-93DE-90CCDF304087}
		{4F5A6A72-FFE4-49C4-B4C6-58132CFCB9FE} = {509A6F36-AD80-4A18-B5B1-717D38DFF29D}
		{5486117B-A742-49E0-94FC-12B76F061803} = {2AF90579-B118-4583-AE88-672EFACB5BC4}
		{2F9B479D-8247-4210-804B-78E6DD5C3E98} = {2AF90579-B118-4583-AE88-672EFACB5BC4}
		{624B0019-956A-4157-B008-270C5B229553} = {509A6F36-AD80-4A18-B5B1-717D38DFF29D}
		{CC1F5841-FE10-4DDB-8477-C4DE92BA759F} = {ACAA0157-A8C4-4152-93DE-90CCDF304087}
		{83FFB65A-97B1-45AA-BCB8-3F43966BC8A3} = {509A6F36-AD80-4A18-B5B1-717D38DFF29D}
		{FFD28DCF-C24F-4C59-9B6B-F3B74CE13129} = {ACAA0157-A8C4-4152-93DE-90CCDF304087}
		{FF7F11A1-14E7-4948-A853-2487D99DE0C6} = {ACAA0157-A8C4-4152-93DE-90CCDF304087}
		{C2DEDD37-D1EB-4819-9A9C-475E37A52358} = {509A6F36-AD80-4A18-B5B1-717D38DFF29D}
		{95981429-F212-44E1-83AA-32DA9E2A517C} = {ACAA0157-A8C4-4152-93DE-90CCDF304087}
		{B0166AED-738F-42EE-AF4D-C487C8B21521} = {2AF90579-B118-4583-AE88-672EFACB5BC4}
		{BFDFE1E3-A6A9-4DAB-8939-1DA306FC69C8} = {2AF90579-B118-4583-AE88-672EFACB5BC4}
		{AA3661A1-CE8D-4597-ADFD-A5A30834E5D0} = {2AF90579-B118-4583-AE88-672EFACB5BC4}
	EndGlobalSection
EndGlobal
