
Microsoft Visual Studio Solution File, Format Version 12.00
# Visual Studio 15
VisualStudioVersion = 15.0.26730.10
MinimumVisualStudioVersion = 15.0.26730.03
Project("{2150E333-8FDC-42A3-9474-1A3956D46DE8}") = "test", "test", "{52D59F18-62D2-4D17-8CF2-BE192445AF8E}"
	ProjectSection(SolutionItems) = preProject
		test\Directory.Build.props = test\Directory.Build.props
	EndProjectSection
EndProject
Project("{2150E333-8FDC-42A3-9474-1A3956D46DE8}") = "samples", "samples", "{58D94A0E-C2B7-43A7-8826-99ECBB1E0A50}"
EndProject
Project("{9A19103F-16F7-4668-BE54-9A1E7A4F7556}") = "IdentitySample.Mvc", "samples\IdentitySample.Mvc\IdentitySample.Mvc.csproj", "{E1BFA023-CFFD-49CE-8466-1C28DD2EC1F6}"
EndProject
Project("{2150E333-8FDC-42A3-9474-1A3956D46DE8}") = "Solution Items", "Solution Items", "{2C657F6C-D8AD-4833-9C59-2301A16957BD}"
	ProjectSection(SolutionItems) = preProject
		Directory.Build.props = Directory.Build.props
		Directory.Build.targets = Directory.Build.targets
	EndProjectSection
EndProject
Project("{9A19103F-16F7-4668-BE54-9A1E7A4F7556}") = "IdentitySample.DefaultUI", "samples\IdentitySample.DefaultUI\IdentitySample.DefaultUI.csproj", "{D5FB2E24-4C71-430C-A289-59C8D59164B0}"
EndProject
Project("{2150E333-8FDC-42A3-9474-1A3956D46DE8}") = "WebSites", "WebSites", "{C47C1165-9F19-4DF8-ABA9-707ACEB3BDC7}"
EndProject
Project("{9A19103F-16F7-4668-BE54-9A1E7A4F7556}") = "Identity.DefaultUI.WebSite", "test\WebSites\Identity.DefaultUI.WebSite\Identity.DefaultUI.WebSite.csproj", "{EA424B4D-0BE1-49AC-A106-CC6CC808A104}"
EndProject
Global
	GlobalSection(SolutionConfigurationPlatforms) = preSolution
		Debug|Any CPU = Debug|Any CPU
		Debug|Mixed Platforms = Debug|Mixed Platforms
		Debug|x64 = Debug|x64
		Debug|x86 = Debug|x86
		Release|Any CPU = Release|Any CPU
		Release|Mixed Platforms = Release|Mixed Platforms
		Release|x64 = Release|x64
		Release|x86 = Release|x86
	EndGlobalSection
	GlobalSection(ProjectConfigurationPlatforms) = postSolution
		{E1BFA023-CFFD-49CE-8466-1C28DD2EC1F6}.Debug|Any CPU.ActiveCfg = Debug|Any CPU
		{E1BFA023-CFFD-49CE-8466-1C28DD2EC1F6}.Debug|Any CPU.Build.0 = Debug|Any CPU
		{E1BFA023-CFFD-49CE-8466-1C28DD2EC1F6}.Debug|Mixed Platforms.ActiveCfg = Debug|Any CPU
		{E1BFA023-CFFD-49CE-8466-1C28DD2EC1F6}.Debug|Mixed Platforms.Build.0 = Debug|Any CPU
		{E1BFA023-CFFD-49CE-8466-1C28DD2EC1F6}.Debug|x64.ActiveCfg = Debug|Any CPU
		{E1BFA023-CFFD-49CE-8466-1C28DD2EC1F6}.Debug|x64.Build.0 = Debug|Any CPU
		{E1BFA023-CFFD-49CE-8466-1C28DD2EC1F6}.Debug|x86.ActiveCfg = Debug|Any CPU
		{E1BFA023-CFFD-49CE-8466-1C28DD2EC1F6}.Release|Any CPU.ActiveCfg = Release|Any CPU
		{E1BFA023-CFFD-49CE-8466-1C28DD2EC1F6}.Release|Any CPU.Build.0 = Release|Any CPU
		{E1BFA023-CFFD-49CE-8466-1C28DD2EC1F6}.Release|Mixed Platforms.ActiveCfg = Release|Any CPU
		{E1BFA023-CFFD-49CE-8466-1C28DD2EC1F6}.Release|Mixed Platforms.Build.0 = Release|Any CPU
		{E1BFA023-CFFD-49CE-8466-1C28DD2EC1F6}.Release|x64.ActiveCfg = Release|Any CPU
		{E1BFA023-CFFD-49CE-8466-1C28DD2EC1F6}.Release|x64.Build.0 = Release|Any CPU
		{E1BFA023-CFFD-49CE-8466-1C28DD2EC1F6}.Release|x86.ActiveCfg = Release|Any CPU
		{D5FB2E24-4C71-430C-A289-59C8D59164B0}.Debug|Any CPU.ActiveCfg = Debug|Any CPU
		{D5FB2E24-4C71-430C-A289-59C8D59164B0}.Debug|Any CPU.Build.0 = Debug|Any CPU
		{D5FB2E24-4C71-430C-A289-59C8D59164B0}.Debug|Mixed Platforms.ActiveCfg = Debug|Any CPU
		{D5FB2E24-4C71-430C-A289-59C8D59164B0}.Debug|Mixed Platforms.Build.0 = Debug|Any CPU
		{D5FB2E24-4C71-430C-A289-59C8D59164B0}.Debug|x64.ActiveCfg = Debug|Any CPU
		{D5FB2E24-4C71-430C-A289-59C8D59164B0}.Debug|x64.Build.0 = Debug|Any CPU
		{D5FB2E24-4C71-430C-A289-59C8D59164B0}.Debug|x86.ActiveCfg = Debug|Any CPU
		{D5FB2E24-4C71-430C-A289-59C8D59164B0}.Debug|x86.Build.0 = Debug|Any CPU
		{D5FB2E24-4C71-430C-A289-59C8D59164B0}.Release|Any CPU.ActiveCfg = Release|Any CPU
		{D5FB2E24-4C71-430C-A289-59C8D59164B0}.Release|Any CPU.Build.0 = Release|Any CPU
		{D5FB2E24-4C71-430C-A289-59C8D59164B0}.Release|Mixed Platforms.ActiveCfg = Release|Any CPU
		{D5FB2E24-4C71-430C-A289-59C8D59164B0}.Release|Mixed Platforms.Build.0 = Release|Any CPU
		{D5FB2E24-4C71-430C-A289-59C8D59164B0}.Release|x64.ActiveCfg = Release|Any CPU
		{D5FB2E24-4C71-430C-A289-59C8D59164B0}.Release|x64.Build.0 = Release|Any CPU
		{D5FB2E24-4C71-430C-A289-59C8D59164B0}.Release|x86.ActiveCfg = Release|Any CPU
		{D5FB2E24-4C71-430C-A289-59C8D59164B0}.Release|x86.Build.0 = Release|Any CPU
		{EA424B4D-0BE1-49AC-A106-CC6CC808A104}.Debug|Any CPU.ActiveCfg = Debug|Any CPU
		{EA424B4D-0BE1-49AC-A106-CC6CC808A104}.Debug|Any CPU.Build.0 = Debug|Any CPU
		{EA424B4D-0BE1-49AC-A106-CC6CC808A104}.Debug|Mixed Platforms.ActiveCfg = Debug|Any CPU
		{EA424B4D-0BE1-49AC-A106-CC6CC808A104}.Debug|Mixed Platforms.Build.0 = Debug|Any CPU
		{EA424B4D-0BE1-49AC-A106-CC6CC808A104}.Debug|x64.ActiveCfg = Debug|Any CPU
		{EA424B4D-0BE1-49AC-A106-CC6CC808A104}.Debug|x64.Build.0 = Debug|Any CPU
		{EA424B4D-0BE1-49AC-A106-CC6CC808A104}.Debug|x86.ActiveCfg = Debug|Any CPU
		{EA424B4D-0BE1-49AC-A106-CC6CC808A104}.Debug|x86.Build.0 = Debug|Any CPU
		{EA424B4D-0BE1-49AC-A106-CC6CC808A104}.Release|Any CPU.ActiveCfg = Release|Any CPU
		{EA424B4D-0BE1-49AC-A106-CC6CC808A104}.Release|Any CPU.Build.0 = Release|Any CPU
		{EA424B4D-0BE1-49AC-A106-CC6CC808A104}.Release|Mixed Platforms.ActiveCfg = Release|Any CPU
		{EA424B4D-0BE1-49AC-A106-CC6CC808A104}.Release|Mixed Platforms.Build.0 = Release|Any CPU
		{EA424B4D-0BE1-49AC-A106-CC6CC808A104}.Release|x64.ActiveCfg = Release|Any CPU
		{EA424B4D-0BE1-49AC-A106-CC6CC808A104}.Release|x64.Build.0 = Release|Any CPU
		{EA424B4D-0BE1-49AC-A106-CC6CC808A104}.Release|x86.ActiveCfg = Release|Any CPU
		{EA424B4D-0BE1-49AC-A106-CC6CC808A104}.Release|x86.Build.0 = Release|Any CPU
	EndGlobalSection
	GlobalSection(SolutionProperties) = preSolution
		HideSolutionNode = FALSE
	EndGlobalSection
	GlobalSection(NestedProjects) = preSolution
		{E1BFA023-CFFD-49CE-8466-1C28DD2EC1F6} = {58D94A0E-C2B7-43A7-8826-99ECBB1E0A50}
		{D5FB2E24-4C71-430C-A289-59C8D59164B0} = {58D94A0E-C2B7-43A7-8826-99ECBB1E0A50}
		{C47C1165-9F19-4DF8-ABA9-707ACEB3BDC7} = {52D59F18-62D2-4D17-8CF2-BE192445AF8E}
		{EA424B4D-0BE1-49AC-A106-CC6CC808A104} = {C47C1165-9F19-4DF8-ABA9-707ACEB3BDC7}
	EndGlobalSection
	GlobalSection(ExtensibilityGlobals) = postSolution
		SolutionGuid = {21D598B0-2383-4B22-826D-E7FB4921BD66}
	EndGlobalSection
EndGlobal
