
Microsoft Visual Studio Solution File, Format Version 12.00
# Visual Studio 2013
VisualStudioVersion = 12.0.30203.2
MinimumVisualStudioVersion = 10.0.40219.1
Project("{FAE04EC0-301F-11D3-BF4B-00C04F79EFBC}") = "Microsoft.Net.WebSockets", "src\Microsoft.Net.WebSockets\Microsoft.Net.WebSockets.csproj", "{6C1D09CA-F799-44AE-8EC8-9D19C76080C1}"
EndProject
Project("{FAE04EC0-301F-11D3-BF4B-00C04F79EFBC}") = "Microsoft.Net.WebSockets.Test", "test\Microsoft.Net.WebSockets.Test\Microsoft.Net.WebSockets.Test.csproj", "{EF1FE910-6E0C-4DE8-8CC1-6118B726A59E}"
EndProject
Global
	GlobalSection(SolutionConfigurationPlatforms) = preSolution
		Debug|Any CPU = Debug|Any CPU
		Release|Any CPU = Release|Any CPU
	EndGlobalSection
	GlobalSection(ProjectConfigurationPlatforms) = postSolution
		{6C1D09CA-F799-44AE-8EC8-9D19C76080C1}.Debug|Any CPU.ActiveCfg = Debug|Any CPU
		{6C1D09CA-F799-44AE-8EC8-9D19C76080C1}.Debug|Any CPU.Build.0 = Debug|Any CPU
		{6C1D09CA-F799-44AE-8EC8-9D19C76080C1}.Release|Any CPU.ActiveCfg = Release|Any CPU
		{6C1D09CA-F799-44AE-8EC8-9D19C76080C1}.Release|Any CPU.Build.0 = Release|Any CPU
		{EF1FE910-6E0C-4DE8-8CC1-6118B726A59E}.Debug|Any CPU.ActiveCfg = Debug|Any CPU
		{EF1FE910-6E0C-4DE8-8CC1-6118B726A59E}.Debug|Any CPU.Build.0 = Debug|Any CPU
		{EF1FE910-6E0C-4DE8-8CC1-6118B726A59E}.Release|Any CPU.ActiveCfg = Release|Any CPU
		{EF1FE910-6E0C-4DE8-8CC1-6118B726A59E}.Release|Any CPU.Build.0 = Release|Any CPU
	EndGlobalSection
	GlobalSection(SolutionProperties) = preSolution
		HideSolutionNode = FALSE
	EndGlobalSection
EndGlobal
