Microsoft Visual Studio Solution File, Format Version 12.00
# Visual Studio 15
VisualStudioVersion = 15.0.27016.1
MinimumVisualStudioVersion = 15.0.26730.03
Project("{2150E333-8FDC-42A3-9474-1A3956D46DE8}") = "src", "src", "{FF9B744E-6C59-40CC-9E41-9D2EBD292435}"
	ProjectSection(SolutionItems) = preProject
		src\Directory.Build.props = src\Directory.Build.props
	EndProjectSection
EndProject
Project("{2150E333-8FDC-42A3-9474-1A3956D46DE8}") = "Solution Items", "Solution Items", "{2FFE2B87-BF8A-4B38-ADAB-2FE2F9BC4A7C}"
	ProjectSection(SolutionItems) = preProject
		build\dependencies.props = build\dependencies.props
		Directory.Build.props = Directory.Build.props
		Directory.Build.targets = Directory.Build.targets
		NuGet.config = NuGet.config
	EndProjectSection
EndProject
Project("{2150E333-8FDC-42A3-9474-1A3956D46DE8}") = "test", "test", "{CD650B4B-81C2-4A44-AEF2-A251A877C1F0}"
	ProjectSection(SolutionItems) = preProject
		test\Directory.Build.props = test\Directory.Build.props
	EndProjectSection
EndProject
Project("{9A19103F-16F7-4668-BE54-9A1E7A4F7556}") = "Microsoft.Web.Xdt.Extensions", "src\Microsoft.Web.Xdt.Extensions\Microsoft.Web.Xdt.Extensions.csproj", "{9B22E525-FEC9-4C7C-9F9C-598C15BD0250}"
EndProject
Project("{9A19103F-16F7-4668-BE54-9A1E7A4F7556}") = "Microsoft.AspNetCore.AzureAppServices.SiteExtension", "extensions\Microsoft.AspNetCore.AzureAppServices.SiteExtension\Microsoft.AspNetCore.AzureAppServices.SiteExtension.csproj", "{1CE2D76B-39E6-46C0-8F6F-C63E370955A9}"
EndProject
Project("{9A19103F-16F7-4668-BE54-9A1E7A4F7556}") = "Microsoft.AspNetCore.AzureAppServices.FunctionalTests", "test\Microsoft.AspNetCore.AzureAppServices.FunctionalTests\Microsoft.AspNetCore.AzureAppServices.FunctionalTests.csproj", "{2B2C37FF-9249-4EA4-9A7F-038B55A15C2C}"
EndProject
Project("{9A19103F-16F7-4668-BE54-9A1E7A4F7556}") = "Microsoft.Web.Xdt.Extensions.Tests", "test\Microsoft.Web.Xdt.Extensions.Tests\Microsoft.Web.Xdt.Extensions.Tests.csproj", "{809AEE05-1B28-4E31-8959-776B249BD725}"
EndProject
Project("{9A19103F-16F7-4668-BE54-9A1E7A4F7556}") = "Microsoft.AspNetCore.AzureAppServices.SiteExtension.Tests", "test\Microsoft.AspNetCore.AzureAppServices.SiteExtension.Tests\Microsoft.AspNetCore.AzureAppServices.SiteExtension.Tests.csproj", "{491A857A-3529-4375-985D-D748F9F01476}"
EndProject
Project("{9A19103F-16F7-4668-BE54-9A1E7A4F7556}") = "Microsoft.AspNetCore.Runtime.SiteExtension", "extensions\Microsoft.AspNetCore.Runtime.SiteExtension\Microsoft.AspNetCore.Runtime.SiteExtension.csproj", "{E1E9BC7A-6951-4B60-8DFB-DBB9AC3CDEB0}"
EndProject
Global
	GlobalSection(SolutionConfigurationPlatforms) = preSolution
		Debug|Any CPU = Debug|Any CPU
		Release|Any CPU = Release|Any CPU
	EndGlobalSection
	GlobalSection(ProjectConfigurationPlatforms) = postSolution
		{9B22E525-FEC9-4C7C-9F9C-598C15BD0250}.Debug|Any CPU.ActiveCfg = Debug|Any CPU
		{9B22E525-FEC9-4C7C-9F9C-598C15BD0250}.Debug|Any CPU.Build.0 = Debug|Any CPU
		{9B22E525-FEC9-4C7C-9F9C-598C15BD0250}.Release|Any CPU.ActiveCfg = Release|Any CPU
		{9B22E525-FEC9-4C7C-9F9C-598C15BD0250}.Release|Any CPU.Build.0 = Release|Any CPU
		{1CE2D76B-39E6-46C0-8F6F-C63E370955A9}.Debug|Any CPU.ActiveCfg = Debug|Any CPU
		{1CE2D76B-39E6-46C0-8F6F-C63E370955A9}.Debug|Any CPU.Build.0 = Debug|Any CPU
		{1CE2D76B-39E6-46C0-8F6F-C63E370955A9}.Release|Any CPU.ActiveCfg = Release|Any CPU
		{1CE2D76B-39E6-46C0-8F6F-C63E370955A9}.Release|Any CPU.Build.0 = Release|Any CPU
		{2B2C37FF-9249-4EA4-9A7F-038B55A15C2C}.Debug|Any CPU.ActiveCfg = Debug|Any CPU
		{2B2C37FF-9249-4EA4-9A7F-038B55A15C2C}.Debug|Any CPU.Build.0 = Debug|Any CPU
		{2B2C37FF-9249-4EA4-9A7F-038B55A15C2C}.Release|Any CPU.ActiveCfg = Release|Any CPU
		{2B2C37FF-9249-4EA4-9A7F-038B55A15C2C}.Release|Any CPU.Build.0 = Release|Any CPU
		{809AEE05-1B28-4E31-8959-776B249BD725}.Debug|Any CPU.ActiveCfg = Debug|Any CPU
		{809AEE05-1B28-4E31-8959-776B249BD725}.Debug|Any CPU.Build.0 = Debug|Any CPU
		{809AEE05-1B28-4E31-8959-776B249BD725}.Release|Any CPU.ActiveCfg = Release|Any CPU
		{809AEE05-1B28-4E31-8959-776B249BD725}.Release|Any CPU.Build.0 = Release|Any CPU
		{491A857A-3529-4375-985D-D748F9F01476}.Debug|Any CPU.ActiveCfg = Debug|Any CPU
		{491A857A-3529-4375-985D-D748F9F01476}.Debug|Any CPU.Build.0 = Debug|Any CPU
		{491A857A-3529-4375-985D-D748F9F01476}.Release|Any CPU.ActiveCfg = Release|Any CPU
		{491A857A-3529-4375-985D-D748F9F01476}.Release|Any CPU.Build.0 = Release|Any CPU
		{E1E9BC7A-6951-4B60-8DFB-DBB9AC3CDEB0}.Debug|Any CPU.ActiveCfg = Debug|Any CPU
		{E1E9BC7A-6951-4B60-8DFB-DBB9AC3CDEB0}.Debug|Any CPU.Build.0 = Debug|Any CPU
		{E1E9BC7A-6951-4B60-8DFB-DBB9AC3CDEB0}.Release|Any CPU.ActiveCfg = Release|Any CPU
		{E1E9BC7A-6951-4B60-8DFB-DBB9AC3CDEB0}.Release|Any CPU.Build.0 = Release|Any CPU
	EndGlobalSection
	GlobalSection(SolutionProperties) = preSolution
		HideSolutionNode = FALSE
	EndGlobalSection
	GlobalSection(NestedProjects) = preSolution
		{9B22E525-FEC9-4C7C-9F9C-598C15BD0250} = {FF9B744E-6C59-40CC-9E41-9D2EBD292435}
		{1CE2D76B-39E6-46C0-8F6F-C63E370955A9} = {FF9B744E-6C59-40CC-9E41-9D2EBD292435}
		{2B2C37FF-9249-4EA4-9A7F-038B55A15C2C} = {CD650B4B-81C2-4A44-AEF2-A251A877C1F0}
		{809AEE05-1B28-4E31-8959-776B249BD725} = {CD650B4B-81C2-4A44-AEF2-A251A877C1F0}
		{491A857A-3529-4375-985D-D748F9F01476} = {CD650B4B-81C2-4A44-AEF2-A251A877C1F0}
		{E1E9BC7A-6951-4B60-8DFB-DBB9AC3CDEB0} = {FF9B744E-6C59-40CC-9E41-9D2EBD292435}
	EndGlobalSection
	GlobalSection(ExtensibilityGlobals) = postSolution
		SolutionGuid = {5743DFE7-1AA5-439D-84AE-A480EA389927}
	EndGlobalSection
EndGlobal
