Microsoft Visual Studio Solution File, Format Version 12.00
# Visual Studio Version 17
VisualStudioVersion = 17.5.2.0
MinimumVisualStudioVersion = 10.0.40219.1
Project("{2150E333-8FDC-42A3-9474-1A3956D46DE8}") = "BrowserTesting", "BrowserTesting", "{3F5EBAA7-AE5D-D4E5-D9BF-DF615FB757DF}"
EndProject
Project("{2150E333-8FDC-42A3-9474-1A3956D46DE8}") = "test", "test", "{0C88DD14-F956-CE84-757C-A364CCF449FC}"
EndProject
Project("{2150E333-8FDC-42A3-9474-1A3956D46DE8}") = "src", "src", "{39147EC5-257D-AE39-9CEA-CBF0B5AF5FC9}"
EndProject
Project("{FAE04EC0-301F-11D3-BF4B-00C04F79EFBC}") = "Microsoft.AspNetCore.BrowserTesting", "BrowserTesting\src\Microsoft.AspNetCore.BrowserTesting.csproj", "{259D1E43-FB11-BB33-6A05-89EB361CD38A}"
EndProject
Project("{2150E333-8FDC-42A3-9474-1A3956D46DE8}") = "Shared.Tests", "Shared.Tests", "{E2B021E6-5488-1614-6654-173FD4EBE618}"
EndProject
Project("{FAE04EC0-301F-11D3-BF4B-00C04F79EFBC}") = "Microsoft.AspNetCore.Shared.Tests", "test\Shared.Tests\Microsoft.AspNetCore.Shared.Tests.csproj", "{87D0AD6C-9921-FC22-4D5E-70AF3BAC0645}"
EndProject
Project("{2150E333-8FDC-42A3-9474-1A3956D46DE8}") = "testassets", "testassets", "{BEC57E9A-3A13-6F27-EBDA-E7240D8E32C7}"
EndProject
Project("{FAE04EC0-301F-11D3-BF4B-00C04F79EFBC}") = "BuildWebHostInvalidSignature", "test\testassets\BuildWebHostInvalidSignature\BuildWebHostInvalidSignature.csproj", "{45422C20-FFD3-7D02-75D4-A9E1463AA997}"
EndProject
Project("{FAE04EC0-301F-11D3-BF4B-00C04F79EFBC}") = "BuildWebHostPatternTestSite", "test\testassets\BuildWebHostPatternTestSite\BuildWebHostPatternTestSite.csproj", "{14E5292E-02A8-7B51-2E1C-97B08BC7D1FD}"
EndProject
Project("{FAE04EC0-301F-11D3-BF4B-00C04F79EFBC}") = "CreateHostBuilderInvalidSignature", "test\testassets\CreateHostBuilderInvalidSignature\CreateHostBuilderInvalidSignature.csproj", "{FB0762E8-2CCB-0731-3B20-DE93FE4D1546}"
EndProject
Project("{FAE04EC0-301F-11D3-BF4B-00C04F79EFBC}") = "CreateHostBuilderPatternTestSite", "test\testassets\CreateHostBuilderPatternTestSite\CreateHostBuilderPatternTestSite.csproj", "{7D7AEDF4-D416-F52C-6361-C9EF11E6D041}"
EndProject
Project("{FAE04EC0-301F-11D3-BF4B-00C04F79EFBC}") = "CreateWebHostBuilderInvalidSignature", "test\testassets\CreateWebHostBuilderInvalidSignature\CreateWebHostBuilderInvalidSignature.csproj", "{BD21872D-0077-2F7E-C5FF-E9D0CA820637}"
EndProject
Project("{FAE04EC0-301F-11D3-BF4B-00C04F79EFBC}") = "CreateWebHostBuilderPatternTestSite", "test\testassets\CreateWebHostBuilderPatternTestSite\CreateWebHostBuilderPatternTestSite.csproj", "{24564B1D-197B-1629-78AE-54CFC1CC108D}"
EndProject
Project("{FAE04EC0-301F-11D3-BF4B-00C04F79EFBC}") = "MockHostTypes", "test\testassets\MockHostTypes\MockHostTypes.csproj", "{3FA18539-4F2B-8291-4BC1-98FE8ABE8B92}"
EndProject
Project("{FAE04EC0-301F-11D3-BF4B-00C04F79EFBC}") = "ThrowingLibrary", "test\testassets\ThrowingLibrary\ThrowingLibrary.csproj", "{F0105D5A-5840-9F3E-C448-7ED419C64AF2}"
EndProject
Global
	GlobalSection(SolutionConfigurationPlatforms) = preSolution
		Debug|Any CPU = Debug|Any CPU
		Release|Any CPU = Release|Any CPU
	EndGlobalSection
	GlobalSection(ProjectConfigurationPlatforms) = postSolution
		{259D1E43-FB11-BB33-6A05-89EB361CD38A}.Debug|Any CPU.ActiveCfg = Debug|Any CPU
		{259D1E43-FB11-BB33-6A05-89EB361CD38A}.Debug|Any CPU.Build.0 = Debug|Any CPU
		{259D1E43-FB11-BB33-6A05-89EB361CD38A}.Release|Any CPU.ActiveCfg = Release|Any CPU
		{259D1E43-FB11-BB33-6A05-89EB361CD38A}.Release|Any CPU.Build.0 = Release|Any CPU
		{87D0AD6C-9921-FC22-4D5E-70AF3BAC0645}.Debug|Any CPU.ActiveCfg = Debug|Any CPU
		{87D0AD6C-9921-FC22-4D5E-70AF3BAC0645}.Debug|Any CPU.Build.0 = Debug|Any CPU
		{87D0AD6C-9921-FC22-4D5E-70AF3BAC0645}.Release|Any CPU.ActiveCfg = Release|Any CPU
		{87D0AD6C-9921-FC22-4D5E-70AF3BAC0645}.Release|Any CPU.Build.0 = Release|Any CPU
		{45422C20-FFD3-7D02-75D4-A9E1463AA997}.Debug|Any CPU.ActiveCfg = Debug|Any CPU
		{45422C20-FFD3-7D02-75D4-A9E1463AA997}.Debug|Any CPU.Build.0 = Debug|Any CPU
		{45422C20-FFD3-7D02-75D4-A9E1463AA997}.Release|Any CPU.ActiveCfg = Release|Any CPU
		{45422C20-FFD3-7D02-75D4-A9E1463AA997}.Release|Any CPU.Build.0 = Release|Any CPU
		{14E5292E-02A8-7B51-2E1C-97B08BC7D1FD}.Debug|Any CPU.ActiveCfg = Debug|Any CPU
		{14E5292E-02A8-7B51-2E1C-97B08BC7D1FD}.Debug|Any CPU.Build.0 = Debug|Any CPU
		{14E5292E-02A8-7B51-2E1C-97B08BC7D1FD}.Release|Any CPU.ActiveCfg = Release|Any CPU
		{14E5292E-02A8-7B51-2E1C-97B08BC7D1FD}.Release|Any CPU.Build.0 = Release|Any CPU
		{FB0762E8-2CCB-0731-3B20-DE93FE4D1546}.Debug|Any CPU.ActiveCfg = Debug|Any CPU
		{FB0762E8-2CCB-0731-3B20-DE93FE4D1546}.Debug|Any CPU.Build.0 = Debug|Any CPU
		{FB0762E8-2CCB-0731-3B20-DE93FE4D1546}.Release|Any CPU.ActiveCfg = Release|Any CPU
		{FB0762E8-2CCB-0731-3B20-DE93FE4D1546}.Release|Any CPU.Build.0 = Release|Any CPU
		{7D7AEDF4-D416-F52C-6361-C9EF11E6D041}.Debug|Any CPU.ActiveCfg = Debug|Any CPU
		{7D7AEDF4-D416-F52C-6361-C9EF11E6D041}.Debug|Any CPU.Build.0 = Debug|Any CPU
		{7D7AEDF4-D416-F52C-6361-C9EF11E6D041}.Release|Any CPU.ActiveCfg = Release|Any CPU
		{7D7AEDF4-D416-F52C-6361-C9EF11E6D041}.Release|Any CPU.Build.0 = Release|Any CPU
		{BD21872D-0077-2F7E-C5FF-E9D0CA820637}.Debug|Any CPU.ActiveCfg = Debug|Any CPU
		{BD21872D-0077-2F7E-C5FF-E9D0CA820637}.Debug|Any CPU.Build.0 = Debug|Any CPU
		{BD21872D-0077-2F7E-C5FF-E9D0CA820637}.Release|Any CPU.ActiveCfg = Release|Any CPU
		{BD21872D-0077-2F7E-C5FF-E9D0CA820637}.Release|Any CPU.Build.0 = Release|Any CPU
		{24564B1D-197B-1629-78AE-54CFC1CC108D}.Debug|Any CPU.ActiveCfg = Debug|Any CPU
		{24564B1D-197B-1629-78AE-54CFC1CC108D}.Debug|Any CPU.Build.0 = Debug|Any CPU
		{24564B1D-197B-1629-78AE-54CFC1CC108D}.Release|Any CPU.ActiveCfg = Release|Any CPU
		{24564B1D-197B-1629-78AE-54CFC1CC108D}.Release|Any CPU.Build.0 = Release|Any CPU
		{3FA18539-4F2B-8291-4BC1-98FE8ABE8B92}.Debug|Any CPU.ActiveCfg = Debug|Any CPU
		{3FA18539-4F2B-8291-4BC1-98FE8ABE8B92}.Debug|Any CPU.Build.0 = Debug|Any CPU
		{3FA18539-4F2B-8291-4BC1-98FE8ABE8B92}.Release|Any CPU.ActiveCfg = Release|Any CPU
		{3FA18539-4F2B-8291-4BC1-98FE8ABE8B92}.Release|Any CPU.Build.0 = Release|Any CPU
		{F0105D5A-5840-9F3E-C448-7ED419C64AF2}.Debug|Any CPU.ActiveCfg = Debug|Any CPU
		{F0105D5A-5840-9F3E-C448-7ED419C64AF2}.Debug|Any CPU.Build.0 = Debug|Any CPU
		{F0105D5A-5840-9F3E-C448-7ED419C64AF2}.Release|Any CPU.ActiveCfg = Release|Any CPU
		{F0105D5A-5840-9F3E-C448-7ED419C64AF2}.Release|Any CPU.Build.0 = Release|Any CPU
	EndGlobalSection
	GlobalSection(SolutionProperties) = preSolution
		HideSolutionNode = FALSE
	EndGlobalSection
	GlobalSection(NestedProjects) = preSolution
		{39147EC5-257D-AE39-9CEA-CBF0B5AF5FC9} = {3F5EBAA7-AE5D-D4E5-D9BF-DF615FB757DF}
		{259D1E43-FB11-BB33-6A05-89EB361CD38A} = {39147EC5-257D-AE39-9CEA-CBF0B5AF5FC9}
		{E2B021E6-5488-1614-6654-173FD4EBE618} = {0C88DD14-F956-CE84-757C-A364CCF449FC}
		{87D0AD6C-9921-FC22-4D5E-70AF3BAC0645} = {E2B021E6-5488-1614-6654-173FD4EBE618}
		{BEC57E9A-3A13-6F27-EBDA-E7240D8E32C7} = {0C88DD14-F956-CE84-757C-A364CCF449FC}
		{45422C20-FFD3-7D02-75D4-A9E1463AA997} = {BEC57E9A-3A13-6F27-EBDA-E7240D8E32C7}
		{14E5292E-02A8-7B51-2E1C-97B08BC7D1FD} = {BEC57E9A-3A13-6F27-EBDA-E7240D8E32C7}
		{FB0762E8-2CCB-0731-3B20-DE93FE4D1546} = {BEC57E9A-3A13-6F27-EBDA-E7240D8E32C7}
		{7D7AEDF4-D416-F52C-6361-C9EF11E6D041} = {BEC57E9A-3A13-6F27-EBDA-E7240D8E32C7}
		{BD21872D-0077-2F7E-C5FF-E9D0CA820637} = {BEC57E9A-3A13-6F27-EBDA-E7240D8E32C7}
		{24564B1D-197B-1629-78AE-54CFC1CC108D} = {BEC57E9A-3A13-6F27-EBDA-E7240D8E32C7}
		{3FA18539-4F2B-8291-4BC1-98FE8ABE8B92} = {BEC57E9A-3A13-6F27-EBDA-E7240D8E32C7}
		{F0105D5A-5840-9F3E-C448-7ED419C64AF2} = {BEC57E9A-3A13-6F27-EBDA-E7240D8E32C7}
	EndGlobalSection
	GlobalSection(ExtensibilityGlobals) = postSolution
		SolutionGuid = {0C3513DD-CD7A-4FC6-AD8A-2178EA532945}
	EndGlobalSection
EndGlobal
