
Microsoft Visual Studio Solution File, Format Version 12.00
# Visual Studio 16
VisualStudioVersion = 16.0.0.0
MinimumVisualStudioVersion = 16.0.0.0
Project("{9A19103F-16F7-4668-BE54-9A1E7A4F7556}") = "Microsoft.AspNetCore.Shared.Tests", "test\Shared.Tests\Microsoft.AspNetCore.Shared.Tests.csproj", "{06CD38EF-7733-4284-B3E4-825B6B63E1DD}"
EndProject
Global
	GlobalSection(SolutionConfigurationPlatforms) = preSolution
		Debug|Any CPU = Debug|Any CPU
		Release|Any CPU = Release|Any CPU
	EndGlobalSection
	GlobalSection(ProjectConfigurationPlatforms) = postSolution
		{06CD38EF-7733-4284-B3E4-825B6B63E1DD}.Debug|Any CPU.ActiveCfg = Debug|Any CPU
		{06CD38EF-7733-4284-B3E4-825B6B63E1DD}.Debug|Any CPU.Build.0 = Debug|Any CPU
		{06CD38EF-7733-4284-B3E4-825B6B63E1DD}.Release|Any CPU.ActiveCfg = Release|Any CPU
		{06CD38EF-7733-4284-B3E4-825B6B63E1DD}.Release|Any CPU.Build.0 = Release|Any CPU
	EndGlobalSection
	GlobalSection(SolutionProperties) = preSolution
		HideSolutionNode = FALSE
	EndGlobalSection
	GlobalSection(ExtensibilityGlobals) = postSolution
		SolutionGuid = {9B7E5B1E-6E6D-4185-9088-2C7C779C6AB2}
	EndGlobalSection
EndGlobal
