
Microsoft Visual Studio Solution File, Format Version 12.00
# Visual Studio Version 17
VisualStudioVersion = 17.5.002.0
MinimumVisualStudioVersion = 10.0.40219.1
Project("{2150E333-8FDC-42A3-9474-1A3956D46DE8}") = "Analyzers", "Analyzers", "{BF040008-C81A-4359-A35B-1AFFE6977C4F}"
EndProject
Project("{9A19103F-16F7-4668-BE54-9A1E7A4F7556}") = "Microsoft.AspNetCore.Components.Analyzers", "Analyzers\src\Microsoft.AspNetCore.Components.Analyzers.csproj", "{098E5404-9373-4C26-95FB-AAE650B7AAC2}"
EndProject
Project("{9A19103F-16F7-4668-BE54-9A1E7A4F7556}") = "Microsoft.AspNetCore.Components.Analyzers.Tests", "Analyzers\test\Microsoft.AspNetCore.Components.Analyzers.Tests.csproj", "{819E66C1-7C86-4CAF-9DF1-DE76A4BF55BF}"
EndProject
Project("{2150E333-8FDC-42A3-9474-1A3956D46DE8}") = "Authorization", "Authorization", "{DAEAA0D7-A0A2-402B-A223-DBDCF51268D5}"
EndProject
Project("{9A19103F-16F7-4668-BE54-9A1E7A4F7556}") = "Microsoft.AspNetCore.Components.Authorization", "Authorization\src\Microsoft.AspNetCore.Components.Authorization.csproj", "{4DCC43B3-CD84-4AAD-9394-53606E50F030}"
EndProject
Project("{9A19103F-16F7-4668-BE54-9A1E7A4F7556}") = "Microsoft.AspNetCore.Components.Authorization.Tests", "Authorization\test\Microsoft.AspNetCore.Components.Authorization.Tests.csproj", "{FB1E7D35-52D0-4A52-9B5D-CFFB6C881B62}"
EndProject
Project("{2150E333-8FDC-42A3-9474-1A3956D46DE8}") = "benchmarkapps", "benchmarkapps", "{2F156373-CDAF-4177-8059-F922F138AA76}"
EndProject
Project("{9A19103F-16F7-4668-BE54-9A1E7A4F7556}") = "BlazingPizza.Server", "benchmarkapps\BlazingPizza.Server\BlazingPizza.Server.csproj", "{29B80AB0-06FD-4837-8262-CC737CC2CA68}"
EndProject
Project("{2150E333-8FDC-42A3-9474-1A3956D46DE8}") = "Components", "Components", "{F6C90FBF-96F9-40FF-B07A-16940357339F}"
EndProject
Project("{9A19103F-16F7-4668-BE54-9A1E7A4F7556}") = "Microsoft.AspNetCore.Components.Performance", "Components\perf\Microsoft.AspNetCore.Components.Performance.csproj", "{9A50E372-EC88-4941-93CB-4DC7D3D1B0F8}"
EndProject
Project("{9A19103F-16F7-4668-BE54-9A1E7A4F7556}") = "Microsoft.AspNetCore.Components", "Components\src\Microsoft.AspNetCore.Components.csproj", "{06337908-F43D-4000-BA13-32DBE7E82253}"
EndProject
Project("{9A19103F-16F7-4668-BE54-9A1E7A4F7556}") = "Microsoft.AspNetCore.Components.Tests", "Components\test\Microsoft.AspNetCore.Components.Tests.csproj", "{14F6E494-1723-4168-A958-326FA7F78B13}"
EndProject
Project("{2150E333-8FDC-42A3-9474-1A3956D46DE8}") = "CustomElements", "CustomElements", "{1450DDF4-0C82-43CE-BA6F-BEBE8D2A00CD}"
EndProject
Project("{9A19103F-16F7-4668-BE54-9A1E7A4F7556}") = "Microsoft.AspNetCore.Components.CustomElements", "CustomElements\src\Microsoft.AspNetCore.Components.CustomElements.csproj", "{FD3BF190-FB84-476A-B238-B6B1B6CBA036}"
EndProject
Project("{2150E333-8FDC-42A3-9474-1A3956D46DE8}") = "Endpoints", "Endpoints", "{F4189FBE-0846-4971-B12D-7C195FBCEB25}"
EndProject
Project("{9A19103F-16F7-4668-BE54-9A1E7A4F7556}") = "Microsoft.AspNetCore.Components.Endpoints", "Endpoints\src\Microsoft.AspNetCore.Components.Endpoints.csproj", "{9AE72BBD-ABA0-411C-884F-1A5ECE941826}"
EndProject
Project("{9A19103F-16F7-4668-BE54-9A1E7A4F7556}") = "Microsoft.AspNetCore.Components.Endpoints.Tests", "Endpoints\test\Microsoft.AspNetCore.Components.Endpoints.Tests.csproj", "{3EECDDB0-6DEE-41CD-AF36-8F28E9694505}"
EndProject
Project("{2150E333-8FDC-42A3-9474-1A3956D46DE8}") = "Forms", "Forms", "{616D4919-4437-49FF-AE51-AF99FA709709}"
EndProject
Project("{9A19103F-16F7-4668-BE54-9A1E7A4F7556}") = "Microsoft.AspNetCore.Components.Forms", "Forms\src\Microsoft.AspNetCore.Components.Forms.csproj", "{B365F325-884F-4662-880C-6516BF1F6796}"
EndProject
Project("{9A19103F-16F7-4668-BE54-9A1E7A4F7556}") = "Microsoft.AspNetCore.Components.Forms.Tests", "Forms\test\Microsoft.AspNetCore.Components.Forms.Tests.csproj", "{40D4D9B5-DC1D-4503-8888-13FEE4B58995}"
EndProject
Project("{2150E333-8FDC-42A3-9474-1A3956D46DE8}") = "Samples", "Samples", "{C1547C23-EA51-413E-B96E-BC7BE08FF744}"
EndProject
Project("{9A19103F-16F7-4668-BE54-9A1E7A4F7556}") = "BlazorServerApp", "Samples\BlazorServerApp\BlazorServerApp.csproj", "{04C2155D-68E7-4F9B-A1BB-C5838263E41B}"
EndProject
Project("{9A19103F-16F7-4668-BE54-9A1E7A4F7556}") = "BlazorUnitedApp", "Samples\BlazorUnitedApp\BlazorUnitedApp.csproj", "{B605B765-6A7B-42CC-BB6B-DACBCFA5094A}"
EndProject
Project("{2150E333-8FDC-42A3-9474-1A3956D46DE8}") = "Server", "Server", "{4B1CE2EB-079B-4269-A69D-23FE4E430B05}"
EndProject
Project("{9A19103F-16F7-4668-BE54-9A1E7A4F7556}") = "Microsoft.AspNetCore.Components.Server", "Server\src\Microsoft.AspNetCore.Components.Server.csproj", "{13207914-4840-48C7-9D86-F181E939EC21}"
EndProject
Project("{9A19103F-16F7-4668-BE54-9A1E7A4F7556}") = "Microsoft.AspNetCore.Components.Server.Tests", "Server\test\Microsoft.AspNetCore.Components.Server.Tests.csproj", "{54105D8F-25FC-4184-9DE6-87C6F0F527F0}"
EndProject
Project("{2150E333-8FDC-42A3-9474-1A3956D46DE8}") = "test", "test", "{936A8FDF-062D-426D-ADC9-116B5E9F97EB}"
EndProject
Project("{9A19103F-16F7-4668-BE54-9A1E7A4F7556}") = "Microsoft.AspNetCore.Components.E2ETests", "test\E2ETest\Microsoft.AspNetCore.Components.E2ETests.csproj", "{72E14481-F988-4507-9FE6-70D57C60D2BD}"
EndProject
Project("{2150E333-8FDC-42A3-9474-1A3956D46DE8}") = "Web", "Web", "{E6DEE341-B4B8-413F-BF6E-B1DFE0FF2AB5}"
EndProject
Project("{9A19103F-16F7-4668-BE54-9A1E7A4F7556}") = "Microsoft.AspNetCore.Components.Web", "Web\src\Microsoft.AspNetCore.Components.Web.csproj", "{EC742B2F-A1F2-4665-B8CF-160C8C0AADD2}"
EndProject
Project("{9A19103F-16F7-4668-BE54-9A1E7A4F7556}") = "Microsoft.AspNetCore.Components.Web.Tests", "Web\test\Microsoft.AspNetCore.Components.Web.Tests.csproj", "{690DDD40-A7BD-4C30-A5EC-B12D76103413}"
EndProject
Project("{2150E333-8FDC-42A3-9474-1A3956D46DE8}") = "Wasm.Performance", "Wasm.Performance", "{AA10EE44-C935-4DAE-B539-033B0822FD19}"
EndProject
Project("{9A19103F-16F7-4668-BE54-9A1E7A4F7556}") = "Wasm.Performance.ConsoleHost", "benchmarkapps\Wasm.Performance\ConsoleHost\Wasm.Performance.ConsoleHost.csproj", "{9ACAC7F6-4A47-484C-92B7-4C9710657940}"
EndProject
Project("{9A19103F-16F7-4668-BE54-9A1E7A4F7556}") = "Wasm.Performance.Driver", "benchmarkapps\Wasm.Performance\Driver\Wasm.Performance.Driver.csproj", "{F44F62E0-4C10-45C1-8742-778FD62D0673}"
EndProject
Project("{9A19103F-16F7-4668-BE54-9A1E7A4F7556}") = "Wasm.Performance.TestApp", "benchmarkapps\Wasm.Performance\TestApp\Wasm.Performance.TestApp.csproj", "{AAF210EC-C134-4E54-9A14-12071AC3CAE0}"
EndProject
Project("{2150E333-8FDC-42A3-9474-1A3956D46DE8}") = "QuickGrid", "QuickGrid", "{3A9E6BA3-CE1C-4BAE-BD2C-C248BD1CE844}"
EndProject
Project("{2150E333-8FDC-42A3-9474-1A3956D46DE8}") = "Microsoft.AspNetCore.Components.QuickGrid", "Microsoft.AspNetCore.Components.QuickGrid", "{6E3D2815-6C95-441F-A437-C094ECC1BA93}"
EndProject
Project("{9A19103F-16F7-4668-BE54-9A1E7A4F7556}") = "Microsoft.AspNetCore.Components.QuickGrid", "QuickGrid\Microsoft.AspNetCore.Components.QuickGrid\src\Microsoft.AspNetCore.Components.QuickGrid.csproj", "{B152CC23-05B9-4C59-B255-74E9E476EC3B}"
EndProject
Project("{2150E333-8FDC-42A3-9474-1A3956D46DE8}") = "Microsoft.AspNetCore.Components.QuickGrid.EntityFrameworkAdapter", "Microsoft.AspNetCore.Components.QuickGrid.EntityFrameworkAdapter", "{013D9167-3137-48BD-ACC9-3E549383B672}"
EndProject
Project("{9A19103F-16F7-4668-BE54-9A1E7A4F7556}") = "Microsoft.AspNetCore.Components.QuickGrid.EntityFrameworkAdapter", "QuickGrid\Microsoft.AspNetCore.Components.QuickGrid.EntityFrameworkAdapter\src\Microsoft.AspNetCore.Components.QuickGrid.EntityFrameworkAdapter.csproj", "{67E31CE3-E5B0-4922-81A1-05A31BEEF969}"
EndProject
Project("{2150E333-8FDC-42A3-9474-1A3956D46DE8}") = "testassets", "testassets", "{0CDC6837-F572-4839-94C8-4CAC5E4BC63B}"
EndProject
Project("{9A19103F-16F7-4668-BE54-9A1E7A4F7556}") = "BasicTestApp", "test\testassets\BasicTestApp\BasicTestApp.csproj", "{872A9940-AB6D-4F9A-901C-2C90B2FB5654}"
EndProject
Project("{9A19103F-16F7-4668-BE54-9A1E7A4F7556}") = "Components.TestServer", "test\testassets\Components.TestServer\Components.TestServer.csproj", "{00951C49-6281-46EA-B05D-91B1D8946F0D}"
EndProject
Project("{9A19103F-16F7-4668-BE54-9A1E7A4F7556}") = "Components.WasmMinimal", "test\testassets\Components.WasmMinimal\Components.WasmMinimal.csproj", "{4C0218E9-474E-495E-BBE7-9A68DCCCAAFC}"
EndProject
Project("{9A19103F-16F7-4668-BE54-9A1E7A4F7556}") = "ComponentsApp.App", "test\testassets\ComponentsApp.App\ComponentsApp.App.csproj", "{C51807C5-6A0A-4B1D-969C-34E287BF2782}"
EndProject
Project("{9A19103F-16F7-4668-BE54-9A1E7A4F7556}") = "ComponentsApp.Server", "test\testassets\ComponentsApp.Server\ComponentsApp.Server.csproj", "{3D9E83AB-D8A9-4061-AF73-5A275E0BBDEA}"
EndProject
Project("{9A19103F-16F7-4668-BE54-9A1E7A4F7556}") = "GlobalizationWasmApp", "test\testassets\GlobalizationWasmApp\GlobalizationWasmApp.csproj", "{6D73C09D-A774-4F8D-89CB-4FBE6075D0F0}"
EndProject
Project("{9A19103F-16F7-4668-BE54-9A1E7A4F7556}") = "LazyTestContentPackage", "test\testassets\LazyTestContentPackage\LazyTestContentPackage.csproj", "{1158996E-29F4-4675-8803-785345CA7F97}"
EndProject
Project("{9A19103F-16F7-4668-BE54-9A1E7A4F7556}") = "TestContentPackage", "test\testassets\TestContentPackage\TestContentPackage.csproj", "{D2A38808-B04D-481E-A6CC-BE12815C88B4}"
EndProject
Project("{2150E333-8FDC-42A3-9474-1A3956D46DE8}") = "WebAssembly", "WebAssembly", "{0C4FE594-6B50-47E3-92DE-AF5F2A574408}"
EndProject
Project("{2150E333-8FDC-42A3-9474-1A3956D46DE8}") = "Authentication.Msal", "Authentication.Msal", "{0972DD40-B372-49B8-BFE0-A226F133BE6F}"
EndProject
Project("{9A19103F-16F7-4668-BE54-9A1E7A4F7556}") = "Microsoft.Authentication.WebAssembly.Msal", "WebAssembly\Authentication.Msal\src\Microsoft.Authentication.WebAssembly.Msal.csproj", "{92281AA0-A42A-401B-9FAA-56B351290757}"
EndProject
Project("{2150E333-8FDC-42A3-9474-1A3956D46DE8}") = "DevServer", "DevServer", "{533DA1DE-0A7A-4865-AFD3-6B74F09105F8}"
EndProject
Project("{9A19103F-16F7-4668-BE54-9A1E7A4F7556}") = "Microsoft.AspNetCore.Components.WebAssembly.DevServer", "WebAssembly\DevServer\src\Microsoft.AspNetCore.Components.WebAssembly.DevServer.csproj", "{F9BD7F83-A361-4B82-9EED-85B910A2BEBA}"
EndProject
Project("{2150E333-8FDC-42A3-9474-1A3956D46DE8}") = "JSInterop", "JSInterop", "{11D06B0D-802F-44E3-8959-DA65F972B2F3}"
EndProject
Project("{9A19103F-16F7-4668-BE54-9A1E7A4F7556}") = "Microsoft.JSInterop.WebAssembly", "WebAssembly\JSInterop\src\Microsoft.JSInterop.WebAssembly.csproj", "{0CEF1052-3566-4457-AF97-EFF851D0C15A}"
EndProject
Project("{2150E333-8FDC-42A3-9474-1A3956D46DE8}") = "Server", "Server", "{31DA5BE3-D326-40D6-8897-BAD60C8911BE}"
EndProject
Project("{9A19103F-16F7-4668-BE54-9A1E7A4F7556}") = "Microsoft.AspNetCore.Components.WebAssembly.Server", "WebAssembly\Server\src\Microsoft.AspNetCore.Components.WebAssembly.Server.csproj", "{F752B8DC-C940-428B-A9F3-F895CED837E7}"
EndProject
Project("{9A19103F-16F7-4668-BE54-9A1E7A4F7556}") = "Microsoft.AspNetCore.Components.WebAssembly.Server.Tests", "WebAssembly\Server\test\Microsoft.AspNetCore.Components.WebAssembly.Server.Tests.csproj", "{62B7D2BB-17E1-4F23-9D0D-5D3F8FC570B9}"
EndProject
Project("{2150E333-8FDC-42A3-9474-1A3956D46DE8}") = "testassets", "testassets", "{2F41C18A-7231-43A7-8DF3-57280EF89751}"
EndProject
Project("{9A19103F-16F7-4668-BE54-9A1E7A4F7556}") = "CustomBasePathApp", "WebAssembly\testassets\CustomBasePathApp\CustomBasePathApp.csproj", "{F713038E-761C-4825-A401-884EC2FF1DED}"
EndProject
Project("{9A19103F-16F7-4668-BE54-9A1E7A4F7556}") = "HostedInAspNet.Client", "WebAssembly\testassets\HostedInAspNet.Client\HostedInAspNet.Client.csproj", "{48032C85-7DA8-4586-A3C9-A0F6FCBB7695}"
EndProject
Project("{9A19103F-16F7-4668-BE54-9A1E7A4F7556}") = "HostedInAspNet.Server", "WebAssembly\testassets\HostedInAspNet.Server\HostedInAspNet.Server.csproj", "{5F788FDF-3DED-442A-AE63-BF6110BB5073}"
EndProject
Project("{9A19103F-16F7-4668-BE54-9A1E7A4F7556}") = "StandaloneApp", "WebAssembly\testassets\StandaloneApp\StandaloneApp.csproj", "{FA0C3890-C644-47CF-9980-718A309C0E05}"
EndProject
Project("{9A19103F-16F7-4668-BE54-9A1E7A4F7556}") = "Wasm.Prerendered.Client", "WebAssembly\testassets\Wasm.Prerendered.Client\Wasm.Prerendered.Client.csproj", "{60C25FC2-1BA4-46F0-8D7C-5EB29C147FC9}"
EndProject
Project("{9A19103F-16F7-4668-BE54-9A1E7A4F7556}") = "Wasm.Prerendered.Server", "WebAssembly\testassets\Wasm.Prerendered.Server\Wasm.Prerendered.Server.csproj", "{9761F995-AC15-44AD-B2A1-219BED6C2D51}"
EndProject
Project("{9A19103F-16F7-4668-BE54-9A1E7A4F7556}") = "WasmLinkerTest", "WebAssembly\testassets\WasmLinkerTest\WasmLinkerTest.csproj", "{F8F6EE17-A2DB-4BDD-8470-7FB14E095DA7}"
EndProject
Project("{2150E333-8FDC-42A3-9474-1A3956D46DE8}") = "WebAssembly", "WebAssembly", "{01B1E527-0545-4D3F-B843-7F5214340529}"
EndProject
Project("{9A19103F-16F7-4668-BE54-9A1E7A4F7556}") = "Microsoft.AspNetCore.Components.WebAssembly", "WebAssembly\WebAssembly\src\Microsoft.AspNetCore.Components.WebAssembly.csproj", "{6CFEB198-EA10-42CD-B0AA-D241BD3F1A5C}"
EndProject
Project("{9A19103F-16F7-4668-BE54-9A1E7A4F7556}") = "Microsoft.AspNetCore.Components.WebAssembly.Tests", "WebAssembly\WebAssembly\test\Microsoft.AspNetCore.Components.WebAssembly.Tests.csproj", "{0AF7474D-35B6-47DB-B07D-D7AAF50863DF}"
EndProject
Project("{2150E333-8FDC-42A3-9474-1A3956D46DE8}") = "WebAssembly.Authentication", "WebAssembly.Authentication", "{006276C3-7C5B-418F-ACFD-7293169AA1CD}"
EndProject
Project("{9A19103F-16F7-4668-BE54-9A1E7A4F7556}") = "Microsoft.AspNetCore.Components.WebAssembly.Authentication", "WebAssembly\WebAssembly.Authentication\src\Microsoft.AspNetCore.Components.WebAssembly.Authentication.csproj", "{E217FBDC-DEF4-48E6-A4FC-88A345DC5F02}"
EndProject
Project("{9A19103F-16F7-4668-BE54-9A1E7A4F7556}") = "Microsoft.AspNetCore.Components.WebAssembly.Authentication.Tests", "WebAssembly\WebAssembly.Authentication\test\Microsoft.AspNetCore.Components.WebAssembly.Authentication.Tests.csproj", "{0ABD7743-AFA8-4505-9F0B-88FC488F7C56}"
EndProject
Project("{2150E333-8FDC-42A3-9474-1A3956D46DE8}") = "WebView", "WebView", "{E60BE188-AB47-4C00-88D8-A6D3E5FCB3D8}"
EndProject
Project("{2150E333-8FDC-42A3-9474-1A3956D46DE8}") = "WebView", "WebView", "{40D7C97C-607D-44F4-B4FF-F20DAC7A1AED}"
EndProject
Project("{9A19103F-16F7-4668-BE54-9A1E7A4F7556}") = "Microsoft.AspNetCore.Components.WebView", "WebView\WebView\src\Microsoft.AspNetCore.Components.WebView.csproj", "{7E401AD4-75B7-4420-81AF-BBE04DA6DF8A}"
EndProject
Project("{9A19103F-16F7-4668-BE54-9A1E7A4F7556}") = "Microsoft.AspNetCore.Components.WebView.Test", "WebView\WebView\test\Microsoft.AspNetCore.Components.WebView.Test.csproj", "{EAC91D4E-413F-41EC-897F-5A3C430B493C}"
EndProject
Project("{2150E333-8FDC-42A3-9474-1A3956D46DE8}") = "Samples", "Samples", "{1789DA09-5678-413A-99E0-F5BB21F6B6E8}"
EndProject
Project("{2150E333-8FDC-42A3-9474-1A3956D46DE8}") = "HostedBlazorWebassemblyApp", "HostedBlazorWebassemblyApp", "{B3FC88C0-F9DC-4D03-A4BC-49810696069D}"
EndProject
Project("{9A19103F-16F7-4668-BE54-9A1E7A4F7556}") = "HostedBlazorWebassemblyApp.Client", "WebAssembly\Samples\HostedBlazorWebassemblyApp\Client\HostedBlazorWebassemblyApp.Client.csproj", "{DBEB664F-DB91-4F70-B961-0FEC80B211E0}"
EndProject
Project("{9A19103F-16F7-4668-BE54-9A1E7A4F7556}") = "HostedBlazorWebassemblyApp.Server", "WebAssembly\Samples\HostedBlazorWebassemblyApp\Server\HostedBlazorWebassemblyApp.Server.csproj", "{CBF7315A-97CD-47D9-A129-524FE2050FE5}"
EndProject
Project("{9A19103F-16F7-4668-BE54-9A1E7A4F7556}") = "HostedBlazorWebassemblyApp.Shared", "WebAssembly\Samples\HostedBlazorWebassemblyApp\Shared\HostedBlazorWebassemblyApp.Shared.csproj", "{B0DC82E3-8E54-4524-8B4B-A54AD858CC55}"
EndProject
Project("{2150E333-8FDC-42A3-9474-1A3956D46DE8}") = "Samples", "Samples", "{B8C5E5FC-1F20-4F7A-B263-4E9C45499DFA}"
EndProject
Project("{2150E333-8FDC-42A3-9474-1A3956D46DE8}") = "PhotinoPlatform", "PhotinoPlatform", "{156A0AB6-8535-46F9-93E9-B1EFE0A8806E}"
EndProject
Project("{9A19103F-16F7-4668-BE54-9A1E7A4F7556}") = "Microsoft.AspNetCore.Components.WebView.Photino", "WebView\Samples\PhotinoPlatform\src\Microsoft.AspNetCore.Components.WebView.Photino.csproj", "{392BF208-8885-4DE8-8DCC-3692DDF6B263}"
EndProject
Project("{2150E333-8FDC-42A3-9474-1A3956D46DE8}") = "testassets", "testassets", "{62739A3B-4EDA-4E66-BF71-EC4C96558E2F}"
EndProject
Project("{9A19103F-16F7-4668-BE54-9A1E7A4F7556}") = "PhotinoTestApp", "WebView\Samples\PhotinoPlatform\testassets\PhotinoTestApp\PhotinoTestApp.csproj", "{B5DE0839-6361-4A2F-9C08-B71FDA3CE7EC}"
EndProject
Global
	GlobalSection(SolutionConfigurationPlatforms) = preSolution
		Debug|Any CPU = Debug|Any CPU
		Release|Any CPU = Release|Any CPU
	EndGlobalSection
	GlobalSection(ProjectConfigurationPlatforms) = postSolution
		{098E5404-9373-4C26-95FB-AAE650B7AAC2}.Debug|Any CPU.ActiveCfg = Debug|Any CPU
		{098E5404-9373-4C26-95FB-AAE650B7AAC2}.Debug|Any CPU.Build.0 = Debug|Any CPU
		{098E5404-9373-4C26-95FB-AAE650B7AAC2}.Release|Any CPU.ActiveCfg = Release|Any CPU
		{098E5404-9373-4C26-95FB-AAE650B7AAC2}.Release|Any CPU.Build.0 = Release|Any CPU
		{819E66C1-7C86-4CAF-9DF1-DE76A4BF55BF}.Debug|Any CPU.ActiveCfg = Debug|Any CPU
		{819E66C1-7C86-4CAF-9DF1-DE76A4BF55BF}.Debug|Any CPU.Build.0 = Debug|Any CPU
		{819E66C1-7C86-4CAF-9DF1-DE76A4BF55BF}.Release|Any CPU.ActiveCfg = Release|Any CPU
		{819E66C1-7C86-4CAF-9DF1-DE76A4BF55BF}.Release|Any CPU.Build.0 = Release|Any CPU
		{4DCC43B3-CD84-4AAD-9394-53606E50F030}.Debug|Any CPU.ActiveCfg = Debug|Any CPU
		{4DCC43B3-CD84-4AAD-9394-53606E50F030}.Debug|Any CPU.Build.0 = Debug|Any CPU
		{4DCC43B3-CD84-4AAD-9394-53606E50F030}.Release|Any CPU.ActiveCfg = Release|Any CPU
		{4DCC43B3-CD84-4AAD-9394-53606E50F030}.Release|Any CPU.Build.0 = Release|Any CPU
		{FB1E7D35-52D0-4A52-9B5D-CFFB6C881B62}.Debug|Any CPU.ActiveCfg = Debug|Any CPU
		{FB1E7D35-52D0-4A52-9B5D-CFFB6C881B62}.Debug|Any CPU.Build.0 = Debug|Any CPU
		{FB1E7D35-52D0-4A52-9B5D-CFFB6C881B62}.Release|Any CPU.ActiveCfg = Release|Any CPU
		{FB1E7D35-52D0-4A52-9B5D-CFFB6C881B62}.Release|Any CPU.Build.0 = Release|Any CPU
		{29B80AB0-06FD-4837-8262-CC737CC2CA68}.Debug|Any CPU.ActiveCfg = Debug|Any CPU
		{29B80AB0-06FD-4837-8262-CC737CC2CA68}.Debug|Any CPU.Build.0 = Debug|Any CPU
		{29B80AB0-06FD-4837-8262-CC737CC2CA68}.Release|Any CPU.ActiveCfg = Release|Any CPU
		{29B80AB0-06FD-4837-8262-CC737CC2CA68}.Release|Any CPU.Build.0 = Release|Any CPU
		{9A50E372-EC88-4941-93CB-4DC7D3D1B0F8}.Debug|Any CPU.ActiveCfg = Debug|Any CPU
		{9A50E372-EC88-4941-93CB-4DC7D3D1B0F8}.Debug|Any CPU.Build.0 = Debug|Any CPU
		{9A50E372-EC88-4941-93CB-4DC7D3D1B0F8}.Release|Any CPU.ActiveCfg = Release|Any CPU
		{9A50E372-EC88-4941-93CB-4DC7D3D1B0F8}.Release|Any CPU.Build.0 = Release|Any CPU
		{06337908-F43D-4000-BA13-32DBE7E82253}.Debug|Any CPU.ActiveCfg = Debug|Any CPU
		{06337908-F43D-4000-BA13-32DBE7E82253}.Debug|Any CPU.Build.0 = Debug|Any CPU
		{06337908-F43D-4000-BA13-32DBE7E82253}.Release|Any CPU.ActiveCfg = Release|Any CPU
		{06337908-F43D-4000-BA13-32DBE7E82253}.Release|Any CPU.Build.0 = Release|Any CPU
		{14F6E494-1723-4168-A958-326FA7F78B13}.Debug|Any CPU.ActiveCfg = Debug|Any CPU
		{14F6E494-1723-4168-A958-326FA7F78B13}.Debug|Any CPU.Build.0 = Debug|Any CPU
		{14F6E494-1723-4168-A958-326FA7F78B13}.Release|Any CPU.ActiveCfg = Release|Any CPU
		{14F6E494-1723-4168-A958-326FA7F78B13}.Release|Any CPU.Build.0 = Release|Any CPU
		{FD3BF190-FB84-476A-B238-B6B1B6CBA036}.Debug|Any CPU.ActiveCfg = Debug|Any CPU
		{FD3BF190-FB84-476A-B238-B6B1B6CBA036}.Debug|Any CPU.Build.0 = Debug|Any CPU
		{FD3BF190-FB84-476A-B238-B6B1B6CBA036}.Release|Any CPU.ActiveCfg = Release|Any CPU
		{FD3BF190-FB84-476A-B238-B6B1B6CBA036}.Release|Any CPU.Build.0 = Release|Any CPU
		{9AE72BBD-ABA0-411C-884F-1A5ECE941826}.Debug|Any CPU.ActiveCfg = Debug|Any CPU
		{9AE72BBD-ABA0-411C-884F-1A5ECE941826}.Debug|Any CPU.Build.0 = Debug|Any CPU
		{9AE72BBD-ABA0-411C-884F-1A5ECE941826}.Release|Any CPU.ActiveCfg = Release|Any CPU
		{9AE72BBD-ABA0-411C-884F-1A5ECE941826}.Release|Any CPU.Build.0 = Release|Any CPU
		{3EECDDB0-6DEE-41CD-AF36-8F28E9694505}.Debug|Any CPU.ActiveCfg = Debug|Any CPU
		{3EECDDB0-6DEE-41CD-AF36-8F28E9694505}.Debug|Any CPU.Build.0 = Debug|Any CPU
		{3EECDDB0-6DEE-41CD-AF36-8F28E9694505}.Release|Any CPU.ActiveCfg = Release|Any CPU
		{3EECDDB0-6DEE-41CD-AF36-8F28E9694505}.Release|Any CPU.Build.0 = Release|Any CPU
		{B365F325-884F-4662-880C-6516BF1F6796}.Debug|Any CPU.ActiveCfg = Debug|Any CPU
		{B365F325-884F-4662-880C-6516BF1F6796}.Debug|Any CPU.Build.0 = Debug|Any CPU
		{B365F325-884F-4662-880C-6516BF1F6796}.Release|Any CPU.ActiveCfg = Release|Any CPU
		{B365F325-884F-4662-880C-6516BF1F6796}.Release|Any CPU.Build.0 = Release|Any CPU
		{40D4D9B5-DC1D-4503-8888-13FEE4B58995}.Debug|Any CPU.ActiveCfg = Debug|Any CPU
		{40D4D9B5-DC1D-4503-8888-13FEE4B58995}.Debug|Any CPU.Build.0 = Debug|Any CPU
		{40D4D9B5-DC1D-4503-8888-13FEE4B58995}.Release|Any CPU.ActiveCfg = Release|Any CPU
		{40D4D9B5-DC1D-4503-8888-13FEE4B58995}.Release|Any CPU.Build.0 = Release|Any CPU
		{04C2155D-68E7-4F9B-A1BB-C5838263E41B}.Debug|Any CPU.ActiveCfg = Debug|Any CPU
		{04C2155D-68E7-4F9B-A1BB-C5838263E41B}.Debug|Any CPU.Build.0 = Debug|Any CPU
		{04C2155D-68E7-4F9B-A1BB-C5838263E41B}.Release|Any CPU.ActiveCfg = Release|Any CPU
		{04C2155D-68E7-4F9B-A1BB-C5838263E41B}.Release|Any CPU.Build.0 = Release|Any CPU
		{B605B765-6A7B-42CC-BB6B-DACBCFA5094A}.Debug|Any CPU.ActiveCfg = Debug|Any CPU
		{B605B765-6A7B-42CC-BB6B-DACBCFA5094A}.Debug|Any CPU.Build.0 = Debug|Any CPU
		{B605B765-6A7B-42CC-BB6B-DACBCFA5094A}.Release|Any CPU.ActiveCfg = Release|Any CPU
		{B605B765-6A7B-42CC-BB6B-DACBCFA5094A}.Release|Any CPU.Build.0 = Release|Any CPU
		{13207914-4840-48C7-9D86-F181E939EC21}.Debug|Any CPU.ActiveCfg = Debug|Any CPU
		{13207914-4840-48C7-9D86-F181E939EC21}.Debug|Any CPU.Build.0 = Debug|Any CPU
		{13207914-4840-48C7-9D86-F181E939EC21}.Release|Any CPU.ActiveCfg = Release|Any CPU
		{13207914-4840-48C7-9D86-F181E939EC21}.Release|Any CPU.Build.0 = Release|Any CPU
		{54105D8F-25FC-4184-9DE6-87C6F0F527F0}.Debug|Any CPU.ActiveCfg = Debug|Any CPU
		{54105D8F-25FC-4184-9DE6-87C6F0F527F0}.Debug|Any CPU.Build.0 = Debug|Any CPU
		{54105D8F-25FC-4184-9DE6-87C6F0F527F0}.Release|Any CPU.ActiveCfg = Release|Any CPU
		{54105D8F-25FC-4184-9DE6-87C6F0F527F0}.Release|Any CPU.Build.0 = Release|Any CPU
		{72E14481-F988-4507-9FE6-70D57C60D2BD}.Debug|Any CPU.ActiveCfg = Debug|Any CPU
		{72E14481-F988-4507-9FE6-70D57C60D2BD}.Debug|Any CPU.Build.0 = Debug|Any CPU
		{72E14481-F988-4507-9FE6-70D57C60D2BD}.Release|Any CPU.ActiveCfg = Release|Any CPU
		{72E14481-F988-4507-9FE6-70D57C60D2BD}.Release|Any CPU.Build.0 = Release|Any CPU
		{EC742B2F-A1F2-4665-B8CF-160C8C0AADD2}.Debug|Any CPU.ActiveCfg = Debug|Any CPU
		{EC742B2F-A1F2-4665-B8CF-160C8C0AADD2}.Debug|Any CPU.Build.0 = Debug|Any CPU
		{EC742B2F-A1F2-4665-B8CF-160C8C0AADD2}.Release|Any CPU.ActiveCfg = Release|Any CPU
		{EC742B2F-A1F2-4665-B8CF-160C8C0AADD2}.Release|Any CPU.Build.0 = Release|Any CPU
		{690DDD40-A7BD-4C30-A5EC-B12D76103413}.Debug|Any CPU.ActiveCfg = Debug|Any CPU
		{690DDD40-A7BD-4C30-A5EC-B12D76103413}.Debug|Any CPU.Build.0 = Debug|Any CPU
		{690DDD40-A7BD-4C30-A5EC-B12D76103413}.Release|Any CPU.ActiveCfg = Release|Any CPU
		{690DDD40-A7BD-4C30-A5EC-B12D76103413}.Release|Any CPU.Build.0 = Release|Any CPU
		{9ACAC7F6-4A47-484C-92B7-4C9710657940}.Debug|Any CPU.ActiveCfg = Debug|Any CPU
		{9ACAC7F6-4A47-484C-92B7-4C9710657940}.Debug|Any CPU.Build.0 = Debug|Any CPU
		{9ACAC7F6-4A47-484C-92B7-4C9710657940}.Release|Any CPU.ActiveCfg = Release|Any CPU
		{9ACAC7F6-4A47-484C-92B7-4C9710657940}.Release|Any CPU.Build.0 = Release|Any CPU
		{F44F62E0-4C10-45C1-8742-778FD62D0673}.Debug|Any CPU.ActiveCfg = Debug|Any CPU
		{F44F62E0-4C10-45C1-8742-778FD62D0673}.Debug|Any CPU.Build.0 = Debug|Any CPU
		{F44F62E0-4C10-45C1-8742-778FD62D0673}.Release|Any CPU.ActiveCfg = Release|Any CPU
		{F44F62E0-4C10-45C1-8742-778FD62D0673}.Release|Any CPU.Build.0 = Release|Any CPU
		{AAF210EC-C134-4E54-9A14-12071AC3CAE0}.Debug|Any CPU.ActiveCfg = Debug|Any CPU
		{AAF210EC-C134-4E54-9A14-12071AC3CAE0}.Debug|Any CPU.Build.0 = Debug|Any CPU
		{AAF210EC-C134-4E54-9A14-12071AC3CAE0}.Release|Any CPU.ActiveCfg = Release|Any CPU
		{AAF210EC-C134-4E54-9A14-12071AC3CAE0}.Release|Any CPU.Build.0 = Release|Any CPU
		{B152CC23-05B9-4C59-B255-74E9E476EC3B}.Debug|Any CPU.ActiveCfg = Debug|Any CPU
		{B152CC23-05B9-4C59-B255-74E9E476EC3B}.Debug|Any CPU.Build.0 = Debug|Any CPU
		{B152CC23-05B9-4C59-B255-74E9E476EC3B}.Release|Any CPU.ActiveCfg = Release|Any CPU
		{B152CC23-05B9-4C59-B255-74E9E476EC3B}.Release|Any CPU.Build.0 = Release|Any CPU
		{67E31CE3-E5B0-4922-81A1-05A31BEEF969}.Debug|Any CPU.ActiveCfg = Debug|Any CPU
		{67E31CE3-E5B0-4922-81A1-05A31BEEF969}.Debug|Any CPU.Build.0 = Debug|Any CPU
		{67E31CE3-E5B0-4922-81A1-05A31BEEF969}.Release|Any CPU.ActiveCfg = Release|Any CPU
		{67E31CE3-E5B0-4922-81A1-05A31BEEF969}.Release|Any CPU.Build.0 = Release|Any CPU
		{872A9940-AB6D-4F9A-901C-2C90B2FB5654}.Debug|Any CPU.ActiveCfg = Debug|Any CPU
		{872A9940-AB6D-4F9A-901C-2C90B2FB5654}.Debug|Any CPU.Build.0 = Debug|Any CPU
		{872A9940-AB6D-4F9A-901C-2C90B2FB5654}.Release|Any CPU.ActiveCfg = Release|Any CPU
		{872A9940-AB6D-4F9A-901C-2C90B2FB5654}.Release|Any CPU.Build.0 = Release|Any CPU
		{00951C49-6281-46EA-B05D-91B1D8946F0D}.Debug|Any CPU.ActiveCfg = Debug|Any CPU
		{00951C49-6281-46EA-B05D-91B1D8946F0D}.Debug|Any CPU.Build.0 = Debug|Any CPU
		{00951C49-6281-46EA-B05D-91B1D8946F0D}.Release|Any CPU.ActiveCfg = Release|Any CPU
		{00951C49-6281-46EA-B05D-91B1D8946F0D}.Release|Any CPU.Build.0 = Release|Any CPU
		{4C0218E9-474E-495E-BBE7-9A68DCCCAAFC}.Debug|Any CPU.ActiveCfg = Debug|Any CPU
		{4C0218E9-474E-495E-BBE7-9A68DCCCAAFC}.Debug|Any CPU.Build.0 = Debug|Any CPU
		{4C0218E9-474E-495E-BBE7-9A68DCCCAAFC}.Release|Any CPU.ActiveCfg = Release|Any CPU
		{4C0218E9-474E-495E-BBE7-9A68DCCCAAFC}.Release|Any CPU.Build.0 = Release|Any CPU
		{C51807C5-6A0A-4B1D-969C-34E287BF2782}.Debug|Any CPU.ActiveCfg = Debug|Any CPU
		{C51807C5-6A0A-4B1D-969C-34E287BF2782}.Debug|Any CPU.Build.0 = Debug|Any CPU
		{C51807C5-6A0A-4B1D-969C-34E287BF2782}.Release|Any CPU.ActiveCfg = Release|Any CPU
		{C51807C5-6A0A-4B1D-969C-34E287BF2782}.Release|Any CPU.Build.0 = Release|Any CPU
		{3D9E83AB-D8A9-4061-AF73-5A275E0BBDEA}.Debug|Any CPU.ActiveCfg = Debug|Any CPU
		{3D9E83AB-D8A9-4061-AF73-5A275E0BBDEA}.Debug|Any CPU.Build.0 = Debug|Any CPU
		{3D9E83AB-D8A9-4061-AF73-5A275E0BBDEA}.Release|Any CPU.ActiveCfg = Release|Any CPU
		{3D9E83AB-D8A9-4061-AF73-5A275E0BBDEA}.Release|Any CPU.Build.0 = Release|Any CPU
		{6D73C09D-A774-4F8D-89CB-4FBE6075D0F0}.Debug|Any CPU.ActiveCfg = Debug|Any CPU
		{6D73C09D-A774-4F8D-89CB-4FBE6075D0F0}.Debug|Any CPU.Build.0 = Debug|Any CPU
		{6D73C09D-A774-4F8D-89CB-4FBE6075D0F0}.Release|Any CPU.ActiveCfg = Release|Any CPU
		{6D73C09D-A774-4F8D-89CB-4FBE6075D0F0}.Release|Any CPU.Build.0 = Release|Any CPU
		{1158996E-29F4-4675-8803-785345CA7F97}.Debug|Any CPU.ActiveCfg = Debug|Any CPU
		{1158996E-29F4-4675-8803-785345CA7F97}.Debug|Any CPU.Build.0 = Debug|Any CPU
		{1158996E-29F4-4675-8803-785345CA7F97}.Release|Any CPU.ActiveCfg = Release|Any CPU
		{1158996E-29F4-4675-8803-785345CA7F97}.Release|Any CPU.Build.0 = Release|Any CPU
		{D2A38808-B04D-481E-A6CC-BE12815C88B4}.Debug|Any CPU.ActiveCfg = Debug|Any CPU
		{D2A38808-B04D-481E-A6CC-BE12815C88B4}.Debug|Any CPU.Build.0 = Debug|Any CPU
		{D2A38808-B04D-481E-A6CC-BE12815C88B4}.Release|Any CPU.ActiveCfg = Release|Any CPU
		{D2A38808-B04D-481E-A6CC-BE12815C88B4}.Release|Any CPU.Build.0 = Release|Any CPU
		{92281AA0-A42A-401B-9FAA-56B351290757}.Debug|Any CPU.ActiveCfg = Debug|Any CPU
		{92281AA0-A42A-401B-9FAA-56B351290757}.Debug|Any CPU.Build.0 = Debug|Any CPU
		{92281AA0-A42A-401B-9FAA-56B351290757}.Release|Any CPU.ActiveCfg = Release|Any CPU
		{92281AA0-A42A-401B-9FAA-56B351290757}.Release|Any CPU.Build.0 = Release|Any CPU
		{F9BD7F83-A361-4B82-9EED-85B910A2BEBA}.Debug|Any CPU.ActiveCfg = Debug|Any CPU
		{F9BD7F83-A361-4B82-9EED-85B910A2BEBA}.Debug|Any CPU.Build.0 = Debug|Any CPU
		{F9BD7F83-A361-4B82-9EED-85B910A2BEBA}.Release|Any CPU.ActiveCfg = Release|Any CPU
		{F9BD7F83-A361-4B82-9EED-85B910A2BEBA}.Release|Any CPU.Build.0 = Release|Any CPU
		{0CEF1052-3566-4457-AF97-EFF851D0C15A}.Debug|Any CPU.ActiveCfg = Debug|Any CPU
		{0CEF1052-3566-4457-AF97-EFF851D0C15A}.Debug|Any CPU.Build.0 = Debug|Any CPU
		{0CEF1052-3566-4457-AF97-EFF851D0C15A}.Release|Any CPU.ActiveCfg = Release|Any CPU
		{0CEF1052-3566-4457-AF97-EFF851D0C15A}.Release|Any CPU.Build.0 = Release|Any CPU
		{F752B8DC-C940-428B-A9F3-F895CED837E7}.Debug|Any CPU.ActiveCfg = Debug|Any CPU
		{F752B8DC-C940-428B-A9F3-F895CED837E7}.Debug|Any CPU.Build.0 = Debug|Any CPU
		{F752B8DC-C940-428B-A9F3-F895CED837E7}.Release|Any CPU.ActiveCfg = Release|Any CPU
		{F752B8DC-C940-428B-A9F3-F895CED837E7}.Release|Any CPU.Build.0 = Release|Any CPU
		{62B7D2BB-17E1-4F23-9D0D-5D3F8FC570B9}.Debug|Any CPU.ActiveCfg = Debug|Any CPU
		{62B7D2BB-17E1-4F23-9D0D-5D3F8FC570B9}.Debug|Any CPU.Build.0 = Debug|Any CPU
		{62B7D2BB-17E1-4F23-9D0D-5D3F8FC570B9}.Release|Any CPU.ActiveCfg = Release|Any CPU
		{62B7D2BB-17E1-4F23-9D0D-5D3F8FC570B9}.Release|Any CPU.Build.0 = Release|Any CPU
		{F713038E-761C-4825-A401-884EC2FF1DED}.Debug|Any CPU.ActiveCfg = Debug|Any CPU
		{F713038E-761C-4825-A401-884EC2FF1DED}.Debug|Any CPU.Build.0 = Debug|Any CPU
		{F713038E-761C-4825-A401-884EC2FF1DED}.Release|Any CPU.ActiveCfg = Release|Any CPU
		{F713038E-761C-4825-A401-884EC2FF1DED}.Release|Any CPU.Build.0 = Release|Any CPU
		{48032C85-7DA8-4586-A3C9-A0F6FCBB7695}.Debug|Any CPU.ActiveCfg = Debug|Any CPU
		{48032C85-7DA8-4586-A3C9-A0F6FCBB7695}.Debug|Any CPU.Build.0 = Debug|Any CPU
		{48032C85-7DA8-4586-A3C9-A0F6FCBB7695}.Release|Any CPU.ActiveCfg = Release|Any CPU
		{48032C85-7DA8-4586-A3C9-A0F6FCBB7695}.Release|Any CPU.Build.0 = Release|Any CPU
		{5F788FDF-3DED-442A-AE63-BF6110BB5073}.Debug|Any CPU.ActiveCfg = Debug|Any CPU
		{5F788FDF-3DED-442A-AE63-BF6110BB5073}.Debug|Any CPU.Build.0 = Debug|Any CPU
		{5F788FDF-3DED-442A-AE63-BF6110BB5073}.Release|Any CPU.ActiveCfg = Release|Any CPU
		{5F788FDF-3DED-442A-AE63-BF6110BB5073}.Release|Any CPU.Build.0 = Release|Any CPU
		{FA0C3890-C644-47CF-9980-718A309C0E05}.Debug|Any CPU.ActiveCfg = Debug|Any CPU
		{FA0C3890-C644-47CF-9980-718A309C0E05}.Debug|Any CPU.Build.0 = Debug|Any CPU
		{FA0C3890-C644-47CF-9980-718A309C0E05}.Release|Any CPU.ActiveCfg = Release|Any CPU
		{FA0C3890-C644-47CF-9980-718A309C0E05}.Release|Any CPU.Build.0 = Release|Any CPU
		{60C25FC2-1BA4-46F0-8D7C-5EB29C147FC9}.Debug|Any CPU.ActiveCfg = Debug|Any CPU
		{60C25FC2-1BA4-46F0-8D7C-5EB29C147FC9}.Debug|Any CPU.Build.0 = Debug|Any CPU
		{60C25FC2-1BA4-46F0-8D7C-5EB29C147FC9}.Release|Any CPU.ActiveCfg = Release|Any CPU
		{60C25FC2-1BA4-46F0-8D7C-5EB29C147FC9}.Release|Any CPU.Build.0 = Release|Any CPU
		{9761F995-AC15-44AD-B2A1-219BED6C2D51}.Debug|Any CPU.ActiveCfg = Debug|Any CPU
		{9761F995-AC15-44AD-B2A1-219BED6C2D51}.Debug|Any CPU.Build.0 = Debug|Any CPU
		{9761F995-AC15-44AD-B2A1-219BED6C2D51}.Release|Any CPU.ActiveCfg = Release|Any CPU
		{9761F995-AC15-44AD-B2A1-219BED6C2D51}.Release|Any CPU.Build.0 = Release|Any CPU
		{F8F6EE17-A2DB-4BDD-8470-7FB14E095DA7}.Debug|Any CPU.ActiveCfg = Debug|Any CPU
		{F8F6EE17-A2DB-4BDD-8470-7FB14E095DA7}.Debug|Any CPU.Build.0 = Debug|Any CPU
		{F8F6EE17-A2DB-4BDD-8470-7FB14E095DA7}.Release|Any CPU.ActiveCfg = Release|Any CPU
		{F8F6EE17-A2DB-4BDD-8470-7FB14E095DA7}.Release|Any CPU.Build.0 = Release|Any CPU
		{6CFEB198-EA10-42CD-B0AA-D241BD3F1A5C}.Debug|Any CPU.ActiveCfg = Debug|Any CPU
		{6CFEB198-EA10-42CD-B0AA-D241BD3F1A5C}.Debug|Any CPU.Build.0 = Debug|Any CPU
		{6CFEB198-EA10-42CD-B0AA-D241BD3F1A5C}.Release|Any CPU.ActiveCfg = Release|Any CPU
		{6CFEB198-EA10-42CD-B0AA-D241BD3F1A5C}.Release|Any CPU.Build.0 = Release|Any CPU
		{0AF7474D-35B6-47DB-B07D-D7AAF50863DF}.Debug|Any CPU.ActiveCfg = Debug|Any CPU
		{0AF7474D-35B6-47DB-B07D-D7AAF50863DF}.Debug|Any CPU.Build.0 = Debug|Any CPU
		{0AF7474D-35B6-47DB-B07D-D7AAF50863DF}.Release|Any CPU.ActiveCfg = Release|Any CPU
		{0AF7474D-35B6-47DB-B07D-D7AAF50863DF}.Release|Any CPU.Build.0 = Release|Any CPU
		{E217FBDC-DEF4-48E6-A4FC-88A345DC5F02}.Debug|Any CPU.ActiveCfg = Debug|Any CPU
		{E217FBDC-DEF4-48E6-A4FC-88A345DC5F02}.Debug|Any CPU.Build.0 = Debug|Any CPU
		{E217FBDC-DEF4-48E6-A4FC-88A345DC5F02}.Release|Any CPU.ActiveCfg = Release|Any CPU
		{E217FBDC-DEF4-48E6-A4FC-88A345DC5F02}.Release|Any CPU.Build.0 = Release|Any CPU
		{0ABD7743-AFA8-4505-9F0B-88FC488F7C56}.Debug|Any CPU.ActiveCfg = Debug|Any CPU
		{0ABD7743-AFA8-4505-9F0B-88FC488F7C56}.Debug|Any CPU.Build.0 = Debug|Any CPU
		{0ABD7743-AFA8-4505-9F0B-88FC488F7C56}.Release|Any CPU.ActiveCfg = Release|Any CPU
		{0ABD7743-AFA8-4505-9F0B-88FC488F7C56}.Release|Any CPU.Build.0 = Release|Any CPU
		{7E401AD4-75B7-4420-81AF-BBE04DA6DF8A}.Debug|Any CPU.ActiveCfg = Debug|Any CPU
		{7E401AD4-75B7-4420-81AF-BBE04DA6DF8A}.Debug|Any CPU.Build.0 = Debug|Any CPU
		{7E401AD4-75B7-4420-81AF-BBE04DA6DF8A}.Release|Any CPU.ActiveCfg = Release|Any CPU
		{7E401AD4-75B7-4420-81AF-BBE04DA6DF8A}.Release|Any CPU.Build.0 = Release|Any CPU
		{EAC91D4E-413F-41EC-897F-5A3C430B493C}.Debug|Any CPU.ActiveCfg = Debug|Any CPU
		{EAC91D4E-413F-41EC-897F-5A3C430B493C}.Debug|Any CPU.Build.0 = Debug|Any CPU
		{EAC91D4E-413F-41EC-897F-5A3C430B493C}.Release|Any CPU.ActiveCfg = Release|Any CPU
		{EAC91D4E-413F-41EC-897F-5A3C430B493C}.Release|Any CPU.Build.0 = Release|Any CPU
		{DBEB664F-DB91-4F70-B961-0FEC80B211E0}.Debug|Any CPU.ActiveCfg = Debug|Any CPU
		{DBEB664F-DB91-4F70-B961-0FEC80B211E0}.Debug|Any CPU.Build.0 = Debug|Any CPU
		{DBEB664F-DB91-4F70-B961-0FEC80B211E0}.Release|Any CPU.ActiveCfg = Release|Any CPU
		{DBEB664F-DB91-4F70-B961-0FEC80B211E0}.Release|Any CPU.Build.0 = Release|Any CPU
		{CBF7315A-97CD-47D9-A129-524FE2050FE5}.Debug|Any CPU.ActiveCfg = Debug|Any CPU
		{CBF7315A-97CD-47D9-A129-524FE2050FE5}.Debug|Any CPU.Build.0 = Debug|Any CPU
		{CBF7315A-97CD-47D9-A129-524FE2050FE5}.Release|Any CPU.ActiveCfg = Release|Any CPU
		{CBF7315A-97CD-47D9-A129-524FE2050FE5}.Release|Any CPU.Build.0 = Release|Any CPU
		{B0DC82E3-8E54-4524-8B4B-A54AD858CC55}.Debug|Any CPU.ActiveCfg = Debug|Any CPU
		{B0DC82E3-8E54-4524-8B4B-A54AD858CC55}.Debug|Any CPU.Build.0 = Debug|Any CPU
		{B0DC82E3-8E54-4524-8B4B-A54AD858CC55}.Release|Any CPU.ActiveCfg = Release|Any CPU
		{B0DC82E3-8E54-4524-8B4B-A54AD858CC55}.Release|Any CPU.Build.0 = Release|Any CPU
		{392BF208-8885-4DE8-8DCC-3692DDF6B263}.Debug|Any CPU.ActiveCfg = Debug|Any CPU
		{392BF208-8885-4DE8-8DCC-3692DDF6B263}.Debug|Any CPU.Build.0 = Debug|Any CPU
		{392BF208-8885-4DE8-8DCC-3692DDF6B263}.Release|Any CPU.ActiveCfg = Release|Any CPU
		{392BF208-8885-4DE8-8DCC-3692DDF6B263}.Release|Any CPU.Build.0 = Release|Any CPU
		{B5DE0839-6361-4A2F-9C08-B71FDA3CE7EC}.Debug|Any CPU.ActiveCfg = Debug|Any CPU
		{B5DE0839-6361-4A2F-9C08-B71FDA3CE7EC}.Debug|Any CPU.Build.0 = Debug|Any CPU
		{B5DE0839-6361-4A2F-9C08-B71FDA3CE7EC}.Release|Any CPU.ActiveCfg = Release|Any CPU
		{B5DE0839-6361-4A2F-9C08-B71FDA3CE7EC}.Release|Any CPU.Build.0 = Release|Any CPU
	EndGlobalSection
	GlobalSection(SolutionProperties) = preSolution
		HideSolutionNode = FALSE
	EndGlobalSection
	GlobalSection(NestedProjects) = preSolution
		{098E5404-9373-4C26-95FB-AAE650B7AAC2} = {BF040008-C81A-4359-A35B-1AFFE6977C4F}
		{819E66C1-7C86-4CAF-9DF1-DE76A4BF55BF} = {BF040008-C81A-4359-A35B-1AFFE6977C4F}
		{4DCC43B3-CD84-4AAD-9394-53606E50F030} = {DAEAA0D7-A0A2-402B-A223-DBDCF51268D5}
		{FB1E7D35-52D0-4A52-9B5D-CFFB6C881B62} = {DAEAA0D7-A0A2-402B-A223-DBDCF51268D5}
		{29B80AB0-06FD-4837-8262-CC737CC2CA68} = {2F156373-CDAF-4177-8059-F922F138AA76}
		{9A50E372-EC88-4941-93CB-4DC7D3D1B0F8} = {F6C90FBF-96F9-40FF-B07A-16940357339F}
		{06337908-F43D-4000-BA13-32DBE7E82253} = {F6C90FBF-96F9-40FF-B07A-16940357339F}
		{14F6E494-1723-4168-A958-326FA7F78B13} = {F6C90FBF-96F9-40FF-B07A-16940357339F}
		{FD3BF190-FB84-476A-B238-B6B1B6CBA036} = {1450DDF4-0C82-43CE-BA6F-BEBE8D2A00CD}
		{9AE72BBD-ABA0-411C-884F-1A5ECE941826} = {F4189FBE-0846-4971-B12D-7C195FBCEB25}
		{3EECDDB0-6DEE-41CD-AF36-8F28E9694505} = {F4189FBE-0846-4971-B12D-7C195FBCEB25}
		{B365F325-884F-4662-880C-6516BF1F6796} = {616D4919-4437-49FF-AE51-AF99FA709709}
		{40D4D9B5-DC1D-4503-8888-13FEE4B58995} = {616D4919-4437-49FF-AE51-AF99FA709709}
		{04C2155D-68E7-4F9B-A1BB-C5838263E41B} = {C1547C23-EA51-413E-B96E-BC7BE08FF744}
		{B605B765-6A7B-42CC-BB6B-DACBCFA5094A} = {C1547C23-EA51-413E-B96E-BC7BE08FF744}
		{13207914-4840-48C7-9D86-F181E939EC21} = {4B1CE2EB-079B-4269-A69D-23FE4E430B05}
		{54105D8F-25FC-4184-9DE6-87C6F0F527F0} = {4B1CE2EB-079B-4269-A69D-23FE4E430B05}
		{72E14481-F988-4507-9FE6-70D57C60D2BD} = {936A8FDF-062D-426D-ADC9-116B5E9F97EB}
		{EC742B2F-A1F2-4665-B8CF-160C8C0AADD2} = {E6DEE341-B4B8-413F-BF6E-B1DFE0FF2AB5}
		{690DDD40-A7BD-4C30-A5EC-B12D76103413} = {E6DEE341-B4B8-413F-BF6E-B1DFE0FF2AB5}
		{AA10EE44-C935-4DAE-B539-033B0822FD19} = {2F156373-CDAF-4177-8059-F922F138AA76}
		{9ACAC7F6-4A47-484C-92B7-4C9710657940} = {AA10EE44-C935-4DAE-B539-033B0822FD19}
		{F44F62E0-4C10-45C1-8742-778FD62D0673} = {AA10EE44-C935-4DAE-B539-033B0822FD19}
		{AAF210EC-C134-4E54-9A14-12071AC3CAE0} = {AA10EE44-C935-4DAE-B539-033B0822FD19}
		{6E3D2815-6C95-441F-A437-C094ECC1BA93} = {3A9E6BA3-CE1C-4BAE-BD2C-C248BD1CE844}
		{B152CC23-05B9-4C59-B255-74E9E476EC3B} = {6E3D2815-6C95-441F-A437-C094ECC1BA93}
		{013D9167-3137-48BD-ACC9-3E549383B672} = {3A9E6BA3-CE1C-4BAE-BD2C-C248BD1CE844}
		{67E31CE3-E5B0-4922-81A1-05A31BEEF969} = {013D9167-3137-48BD-ACC9-3E549383B672}
		{0CDC6837-F572-4839-94C8-4CAC5E4BC63B} = {936A8FDF-062D-426D-ADC9-116B5E9F97EB}
		{872A9940-AB6D-4F9A-901C-2C90B2FB5654} = {0CDC6837-F572-4839-94C8-4CAC5E4BC63B}
		{00951C49-6281-46EA-B05D-91B1D8946F0D} = {0CDC6837-F572-4839-94C8-4CAC5E4BC63B}
		{4C0218E9-474E-495E-BBE7-9A68DCCCAAFC} = {0CDC6837-F572-4839-94C8-4CAC5E4BC63B}
		{C51807C5-6A0A-4B1D-969C-34E287BF2782} = {0CDC6837-F572-4839-94C8-4CAC5E4BC63B}
		{3D9E83AB-D8A9-4061-AF73-5A275E0BBDEA} = {0CDC6837-F572-4839-94C8-4CAC5E4BC63B}
		{6D73C09D-A774-4F8D-89CB-4FBE6075D0F0} = {0CDC6837-F572-4839-94C8-4CAC5E4BC63B}
		{1158996E-29F4-4675-8803-785345CA7F97} = {0CDC6837-F572-4839-94C8-4CAC5E4BC63B}
		{D2A38808-B04D-481E-A6CC-BE12815C88B4} = {0CDC6837-F572-4839-94C8-4CAC5E4BC63B}
		{0972DD40-B372-49B8-BFE0-A226F133BE6F} = {0C4FE594-6B50-47E3-92DE-AF5F2A574408}
		{92281AA0-A42A-401B-9FAA-56B351290757} = {0972DD40-B372-49B8-BFE0-A226F133BE6F}
		{533DA1DE-0A7A-4865-AFD3-6B74F09105F8} = {0C4FE594-6B50-47E3-92DE-AF5F2A574408}
		{F9BD7F83-A361-4B82-9EED-85B910A2BEBA} = {533DA1DE-0A7A-4865-AFD3-6B74F09105F8}
		{11D06B0D-802F-44E3-8959-DA65F972B2F3} = {0C4FE594-6B50-47E3-92DE-AF5F2A574408}
		{0CEF1052-3566-4457-AF97-EFF851D0C15A} = {11D06B0D-802F-44E3-8959-DA65F972B2F3}
		{31DA5BE3-D326-40D6-8897-BAD60C8911BE} = {0C4FE594-6B50-47E3-92DE-AF5F2A574408}
		{F752B8DC-C940-428B-A9F3-F895CED837E7} = {31DA5BE3-D326-40D6-8897-BAD60C8911BE}
		{62B7D2BB-17E1-4F23-9D0D-5D3F8FC570B9} = {31DA5BE3-D326-40D6-8897-BAD60C8911BE}
		{2F41C18A-7231-43A7-8DF3-57280EF89751} = {0C4FE594-6B50-47E3-92DE-AF5F2A574408}
		{F713038E-761C-4825-A401-884EC2FF1DED} = {2F41C18A-7231-43A7-8DF3-57280EF89751}
		{48032C85-7DA8-4586-A3C9-A0F6FCBB7695} = {2F41C18A-7231-43A7-8DF3-57280EF89751}
		{5F788FDF-3DED-442A-AE63-BF6110BB5073} = {2F41C18A-7231-43A7-8DF3-57280EF89751}
		{FA0C3890-C644-47CF-9980-718A309C0E05} = {2F41C18A-7231-43A7-8DF3-57280EF89751}
		{60C25FC2-1BA4-46F0-8D7C-5EB29C147FC9} = {2F41C18A-7231-43A7-8DF3-57280EF89751}
		{9761F995-AC15-44AD-B2A1-219BED6C2D51} = {2F41C18A-7231-43A7-8DF3-57280EF89751}
		{F8F6EE17-A2DB-4BDD-8470-7FB14E095DA7} = {2F41C18A-7231-43A7-8DF3-57280EF89751}
		{01B1E527-0545-4D3F-B843-7F5214340529} = {0C4FE594-6B50-47E3-92DE-AF5F2A574408}
		{6CFEB198-EA10-42CD-B0AA-D241BD3F1A5C} = {01B1E527-0545-4D3F-B843-7F5214340529}
		{0AF7474D-35B6-47DB-B07D-D7AAF50863DF} = {01B1E527-0545-4D3F-B843-7F5214340529}
		{006276C3-7C5B-418F-ACFD-7293169AA1CD} = {0C4FE594-6B50-47E3-92DE-AF5F2A574408}
		{E217FBDC-DEF4-48E6-A4FC-88A345DC5F02} = {006276C3-7C5B-418F-ACFD-7293169AA1CD}
		{0ABD7743-AFA8-4505-9F0B-88FC488F7C56} = {006276C3-7C5B-418F-ACFD-7293169AA1CD}
		{40D7C97C-607D-44F4-B4FF-F20DAC7A1AED} = {E60BE188-AB47-4C00-88D8-A6D3E5FCB3D8}
		{7E401AD4-75B7-4420-81AF-BBE04DA6DF8A} = {40D7C97C-607D-44F4-B4FF-F20DAC7A1AED}
		{EAC91D4E-413F-41EC-897F-5A3C430B493C} = {40D7C97C-607D-44F4-B4FF-F20DAC7A1AED}
		{1789DA09-5678-413A-99E0-F5BB21F6B6E8} = {0C4FE594-6B50-47E3-92DE-AF5F2A574408}
		{B3FC88C0-F9DC-4D03-A4BC-49810696069D} = {1789DA09-5678-413A-99E0-F5BB21F6B6E8}
		{DBEB664F-DB91-4F70-B961-0FEC80B211E0} = {B3FC88C0-F9DC-4D03-A4BC-49810696069D}
		{CBF7315A-97CD-47D9-A129-524FE2050FE5} = {B3FC88C0-F9DC-4D03-A4BC-49810696069D}
		{B0DC82E3-8E54-4524-8B4B-A54AD858CC55} = {B3FC88C0-F9DC-4D03-A4BC-49810696069D}
		{B8C5E5FC-1F20-4F7A-B263-4E9C45499DFA} = {E60BE188-AB47-4C00-88D8-A6D3E5FCB3D8}
		{156A0AB6-8535-46F9-93E9-B1EFE0A8806E} = {B8C5E5FC-1F20-4F7A-B263-4E9C45499DFA}
		{392BF208-8885-4DE8-8DCC-3692DDF6B263} = {156A0AB6-8535-46F9-93E9-B1EFE0A8806E}
		{62739A3B-4EDA-4E66-BF71-EC4C96558E2F} = {156A0AB6-8535-46F9-93E9-B1EFE0A8806E}
		{B5DE0839-6361-4A2F-9C08-B71FDA3CE7EC} = {62739A3B-4EDA-4E66-BF71-EC4C96558E2F}
	EndGlobalSection
	GlobalSection(ExtensibilityGlobals) = postSolution
		SolutionGuid = {CA9DCB35-FFD1-4814-8EC2-5A6E37B8C478}
	EndGlobalSection
EndGlobal
