Microsoft Visual Studio Solution File, Format Version 12.00
# Visual Studio Version 17
VisualStudioVersion = 17.5.2.0
MinimumVisualStudioVersion = 10.0.40219.1
Project("{FAE04EC0-301F-11D3-BF4B-00C04F79EFBC}") = "Microsoft.AspNetCore.JsonPatch.SystemTextJson", "src\Microsoft.AspNetCore.JsonPatch.SystemTextJson.csproj", "{F2D82828-DEB9-45A5-1B4F-6B2E6A805647}"
EndProject
Project("{FAE04EC0-301F-11D3-BF4B-00C04F79EFBC}") = "Microsoft.AspNetCore.JsonPatch.SystemTextJson.Tests", "test\Microsoft.AspNetCore.JsonPatch.SystemTextJson.Tests.csproj", "{A2E04698-6D37-9332-3CEB-4E4B3AC393CD}"
EndProject
Global
	GlobalSection(SolutionConfigurationPlatforms) = preSolution
		Debug|Any CPU = Debug|Any CPU
		Release|Any CPU = Release|Any CPU
	EndGlobalSection
	GlobalSection(ProjectConfigurationPlatforms) = postSolution
		{F2D82828-DEB9-45A5-1B4F-6B2E6A805647}.Debug|Any CPU.ActiveCfg = Debug|Any CPU
		{F2D82828-DEB9-45A5-1B4F-6B2E6A805647}.Debug|Any CPU.Build.0 = Debug|Any CPU
		{F2D82828-DEB9-45A5-1B4F-6B2E6A805647}.Release|Any CPU.ActiveCfg = Release|Any CPU
		{F2D82828-DEB9-45A5-1B4F-6B2E6A805647}.Release|Any CPU.Build.0 = Release|Any CPU
		{A2E04698-6D37-9332-3CEB-4E4B3AC393CD}.Debug|Any CPU.ActiveCfg = Debug|Any CPU
		{A2E04698-6D37-9332-3CEB-4E4B3AC393CD}.Debug|Any CPU.Build.0 = Debug|Any CPU
		{A2E04698-6D37-9332-3CEB-4E4B3AC393CD}.Release|Any CPU.ActiveCfg = Release|Any CPU
		{A2E04698-6D37-9332-3CEB-4E4B3AC393CD}.Release|Any CPU.Build.0 = Release|Any CPU
	EndGlobalSection
	GlobalSection(SolutionProperties) = preSolution
		HideSolutionNode = FALSE
	EndGlobalSection
	GlobalSection(ExtensibilityGlobals) = postSolution
		SolutionGuid = {D31B74C5-8342-44A3-B36C-174B9BA1B578}
	EndGlobalSection
EndGlobal
